// !$*UTF8*$!
{
	archiveVersion = 1;
	classes = {
	};
	objectVersion = 46;
	objects = {

/* Begin PBXBuildFile section */
		364D1D3B1EFA59E800AC2595 /* AppDelegate.m in Sources */ = {isa = PBXBuildFile; fileRef = 364D1CF61EFA59E800AC2595 /* AppDelegate.m */; };
		364D1D3C1EFA59E800AC2595 /* Assets.xcassets in Resources */ = {isa = PBXBuildFile; fileRef = 364D1CF71EFA59E800AC2595 /* Assets.xcassets */; };
		364D1D3D1EFA59E800AC2595 /* LaunchScreen.storyboard in Resources */ = {isa = PBXBuildFile; fileRef = 364D1CF81EFA59E800AC2595 /* LaunchScreen.storyboard */; };
		364D1D3E1EFA59E800AC2595 /* Main.storyboard in Resources */ = {isa = PBXBuildFile; fileRef = 364D1CFA1EFA59E800AC2595 /* Main.storyboard */; };
		364D1D3F1EFA59E800AC2595 /* desktop.png in Resources */ = {isa = PBXBuildFile; fileRef = 364D1CFC1EFA59E800AC2595 /* desktop.png */; };
		364D1D411EFA59E800AC2595 /* main.m in Sources */ = {isa = PBXBuildFile; fileRef = 364D1CFE1EFA59E800AC2595 /* main.m */; };
		364D1D421EFA59E800AC2595 /* CALayer+SKAdd.m in Sources */ = {isa = PBXBuildFile; fileRef = 364D1D041EFA59E800AC2595 /* CALayer+SKAdd.m */; };
		364D1D431EFA59E800AC2595 /* SKCGUtilities.m in Sources */ = {isa = PBXBuildFile; fileRef = 364D1D061EFA59E800AC2595 /* SKCGUtilities.m */; };
		364D1D441EFA59E800AC2595 /* NSData+SKAdd.m in Sources */ = {isa = PBXBuildFile; fileRef = 364D1D091EFA59E800AC2595 /* NSData+SKAdd.m */; };
		364D1D451EFA59E800AC2595 /* NSDate+SKAdd.m in Sources */ = {isa = PBXBuildFile; fileRef = 364D1D0B1EFA59E800AC2595 /* NSDate+SKAdd.m */; };
		364D1D461EFA59E800AC2595 /* NSMutableDictionary+SKAdd.m in Sources */ = {isa = PBXBuildFile; fileRef = 364D1D0D1EFA59E800AC2595 /* NSMutableDictionary+SKAdd.m */; };
		364D1D471EFA59E800AC2595 /* NSNumber+SKAdd.m in Sources */ = {isa = PBXBuildFile; fileRef = 364D1D0F1EFA59E800AC2595 /* NSNumber+SKAdd.m */; };
		364D1D481EFA59E800AC2595 /* NSObject+SKAdd.m in Sources */ = {isa = PBXBuildFile; fileRef = 364D1D111EFA59E800AC2595 /* NSObject+SKAdd.m */; };
		364D1D491EFA59E800AC2595 /* NSObject+SKAddForKVO.m in Sources */ = {isa = PBXBuildFile; fileRef = 364D1D131EFA59E800AC2595 /* NSObject+SKAddForKVO.m */; };
		364D1D4A1EFA59E800AC2595 /* NSString+SKAdd.m in Sources */ = {isa = PBXBuildFile; fileRef = 364D1D151EFA59E800AC2595 /* NSString+SKAdd.m */; };
		364D1D4B1EFA59E800AC2595 /* NSTimer+SKAdd.m in Sources */ = {isa = PBXBuildFile; fileRef = 364D1D171EFA59E800AC2595 /* NSTimer+SKAdd.m */; };
		364D1D4C1EFA59E800AC2595 /* UIApplication+SKAdd.m in Sources */ = {isa = PBXBuildFile; fileRef = 364D1D1B1EFA59E800AC2595 /* UIApplication+SKAdd.m */; };
		364D1D4D1EFA59E800AC2595 /* UIColor+SKAdd.m in Sources */ = {isa = PBXBuildFile; fileRef = 364D1D1D1EFA59E800AC2595 /* UIColor+SKAdd.m */; };
		364D1D4E1EFA59E800AC2595 /* UIControl+SKAdd.m in Sources */ = {isa = PBXBuildFile; fileRef = 364D1D1F1EFA59E800AC2595 /* UIControl+SKAdd.m */; };
		364D1D4F1EFA59E800AC2595 /* UIDevice+SKAdd.m in Sources */ = {isa = PBXBuildFile; fileRef = 364D1D211EFA59E800AC2595 /* UIDevice+SKAdd.m */; };
		364D1D501EFA59E800AC2595 /* UIImage+SKAdd.m in Sources */ = {isa = PBXBuildFile; fileRef = 364D1D231EFA59E800AC2595 /* UIImage+SKAdd.m */; };
		364D1D511EFA59E800AC2595 /* UIImageView+SKAdd.m in Sources */ = {isa = PBXBuildFile; fileRef = 364D1D251EFA59E800AC2595 /* UIImageView+SKAdd.m */; };
		364D1D521EFA59E800AC2595 /* UITextField+IndexPath.m in Sources */ = {isa = PBXBuildFile; fileRef = 364D1D271EFA59E800AC2595 /* UITextField+IndexPath.m */; };
		364D1D531EFA59E800AC2595 /* UIView+SKAdd.m in Sources */ = {isa = PBXBuildFile; fileRef = 364D1D291EFA59E800AC2595 /* UIView+SKAdd.m */; };
		364D1D541EFA59E800AC2595 /* SKHelper.m in Sources */ = {isa = PBXBuildFile; fileRef = 364D1D2C1EFA59E800AC2595 /* SKHelper.m */; };
		364D1D551EFA59E800AC2595 /* NSArray+Safe.m in Sources */ = {isa = PBXBuildFile; fileRef = 364D1D2F1EFA59E800AC2595 /* NSArray+Safe.m */; };
		364D1D561EFA59E800AC2595 /* NSMutableArray+Safe.m in Sources */ = {isa = PBXBuildFile; fileRef = 364D1D311EFA59E800AC2595 /* NSMutableArray+Safe.m */; };
		364D1D571EFA59E800AC2595 /* NSMutableDictionary+Safe.m in Sources */ = {isa = PBXBuildFile; fileRef = 364D1D331EFA59E800AC2595 /* NSMutableDictionary+Safe.m */; };
		364D1D581EFA59E800AC2595 /* NSMutableString+Safe.m in Sources */ = {isa = PBXBuildFile; fileRef = 364D1D351EFA59E800AC2595 /* NSMutableString+Safe.m */; };
		364D1D591EFA59E800AC2595 /* NSString+Safe.m in Sources */ = {isa = PBXBuildFile; fileRef = 364D1D371EFA59E800AC2595 /* NSString+Safe.m */; };
		364D1D5A1EFA59E800AC2595 /* ViewController.m in Sources */ = {isa = PBXBuildFile; fileRef = 364D1D3A1EFA59E800AC2595 /* ViewController.m */; };
		36A1A7911F2828D900552962 /* NetworkLib.m in Sources */ = {isa = PBXBuildFile; fileRef = 36A1A7901F2828D900552962 /* NetworkLib.m */; };
		36A1A7981F2828E300552962 /* SKBuildKit.m in Sources */ = {isa = PBXBuildFile; fileRef = 36A1A7941F2828E300552962 /* SKBuildKit.m */; };
		36A1A7991F2828E300552962 /* SKTextField.m in Sources */ = {isa = PBXBuildFile; fileRef = 36A1A7971F2828E300552962 /* SKTextField.m */; };
		36A1A7A31F2828ED00552962 /* BaseRefreshTableViewController.m in Sources */ = {isa = PBXBuildFile; fileRef = 36A1A79C1F2828ED00552962 /* BaseRefreshTableViewController.m */; };
		36A1A7A41F2828ED00552962 /* BaseViewController.m in Sources */ = {isa = PBXBuildFile; fileRef = 36A1A79F1F2828ED00552962 /* BaseViewController.m */; };
		36A1A7A51F2828ED00552962 /* BaseWebViewController.m in Sources */ = {isa = PBXBuildFile; fileRef = 36A1A7A21F2828ED00552962 /* BaseWebViewController.m */; };
		36A1A7AB1F282DFD00552962 /* SKPlaceholderView.m in Sources */ = {isa = PBXBuildFile; fileRef = 36A1A7AA1F282DFD00552962 /* SKPlaceholderView.m */; };
		36FE8A2A1EE97A4B00E733B8 /* SKToolsDemoTests.m in Sources */ = {isa = PBXBuildFile; fileRef = 36FE8A291EE97A4B00E733B8 /* SKToolsDemoTests.m */; };
		36FE8A351EE97A4B00E733B8 /* SKToolsDemoUITests.m in Sources */ = {isa = PBXBuildFile; fileRef = 36FE8A341EE97A4B00E733B8 /* SKToolsDemoUITests.m */; };
/* End PBXBuildFile section */

/* Begin PBXContainerItemProxy section */
		36FE8A261EE97A4B00E733B8 /* PBXContainerItemProxy */ = {
			isa = PBXContainerItemProxy;
			containerPortal = 36FE8A041EE97A4B00E733B8 /* Project object */;
			proxyType = 1;
			remoteGlobalIDString = 36FE8A0B1EE97A4B00E733B8;
			remoteInfo = SKToolsDemo;
		};
		36FE8A311EE97A4B00E733B8 /* PBXContainerItemProxy */ = {
			isa = PBXContainerItemProxy;
			containerPortal = 36FE8A041EE97A4B00E733B8 /* Project object */;
			proxyType = 1;
			remoteGlobalIDString = 36FE8A0B1EE97A4B00E733B8;
			remoteInfo = SKToolsDemo;
		};
/* End PBXContainerItemProxy section */

/* Begin PBXFileReference section */
		364D1CF51EFA59E800AC2595 /* AppDelegate.h */ = {isa = PBXFileReference; fileEncoding = 4; lastKnownFileType = sourcecode.c.h; path = AppDelegate.h; sourceTree = "<group>"; };
		364D1CF61EFA59E800AC2595 /* AppDelegate.m */ = {isa = PBXFileReference; fileEncoding = 4; lastKnownFileType = sourcecode.c.objc; path = AppDelegate.m; sourceTree = "<group>"; };
		364D1CF71EFA59E800AC2595 /* Assets.xcassets */ = {isa = PBXFileReference; lastKnownFileType = folder.assetcatalog; path = Assets.xcassets; sourceTree = "<group>"; };
		364D1CF91EFA59E800AC2595 /* Base */ = {isa = PBXFileReference; lastKnownFileType = file.storyboard; name = Base; path = Base.lproj/LaunchScreen.storyboard; sourceTree = "<group>"; };
		364D1CFB1EFA59E800AC2595 /* Base */ = {isa = PBXFileReference; lastKnownFileType = file.storyboard; name = Base; path = Base.lproj/Main.storyboard; sourceTree = "<group>"; };
		364D1CFC1EFA59E800AC2595 /* desktop.png */ = {isa = PBXFileReference; lastKnownFileType = image.png; path = desktop.png; sourceTree = "<group>"; };
		364D1CFD1EFA59E800AC2595 /* Info.plist */ = {isa = PBXFileReference; fileEncoding = 4; lastKnownFileType = text.plist.xml; path = Info.plist; sourceTree = "<group>"; };
		364D1CFE1EFA59E800AC2595 /* main.m */ = {isa = PBXFileReference; fileEncoding = 4; lastKnownFileType = sourcecode.c.objc; path = main.m; sourceTree = "<group>"; };
		364D1D031EFA59E800AC2595 /* CALayer+SKAdd.h */ = {isa = PBXFileReference; fileEncoding = 4; lastKnownFileType = sourcecode.c.h; path = "CALayer+SKAdd.h"; sourceTree = "<group>"; };
		364D1D041EFA59E800AC2595 /* CALayer+SKAdd.m */ = {isa = PBXFileReference; fileEncoding = 4; lastKnownFileType = sourcecode.c.objc; path = "CALayer+SKAdd.m"; sourceTree = "<group>"; };
		364D1D051EFA59E800AC2595 /* SKCGUtilities.h */ = {isa = PBXFileReference; fileEncoding = 4; lastKnownFileType = sourcecode.c.h; path = SKCGUtilities.h; sourceTree = "<group>"; };
		364D1D061EFA59E800AC2595 /* SKCGUtilities.m */ = {isa = PBXFileReference; fileEncoding = 4; lastKnownFileType = sourcecode.c.objc; path = SKCGUtilities.m; sourceTree = "<group>"; };
		364D1D081EFA59E800AC2595 /* NSData+SKAdd.h */ = {isa = PBXFileReference; fileEncoding = 4; lastKnownFileType = sourcecode.c.h; path = "NSData+SKAdd.h"; sourceTree = "<group>"; };
		364D1D091EFA59E800AC2595 /* NSData+SKAdd.m */ = {isa = PBXFileReference; fileEncoding = 4; lastKnownFileType = sourcecode.c.objc; path = "NSData+SKAdd.m"; sourceTree = "<group>"; };
		364D1D0A1EFA59E800AC2595 /* NSDate+SKAdd.h */ = {isa = PBXFileReference; fileEncoding = 4; lastKnownFileType = sourcecode.c.h; path = "NSDate+SKAdd.h"; sourceTree = "<group>"; };
		364D1D0B1EFA59E800AC2595 /* NSDate+SKAdd.m */ = {isa = PBXFileReference; fileEncoding = 4; lastKnownFileType = sourcecode.c.objc; path = "NSDate+SKAdd.m"; sourceTree = "<group>"; };
		364D1D0C1EFA59E800AC2595 /* NSMutableDictionary+SKAdd.h */ = {isa = PBXFileReference; fileEncoding = 4; lastKnownFileType = sourcecode.c.h; path = "NSMutableDictionary+SKAdd.h"; sourceTree = "<group>"; };
		364D1D0D1EFA59E800AC2595 /* NSMutableDictionary+SKAdd.m */ = {isa = PBXFileReference; fileEncoding = 4; lastKnownFileType = sourcecode.c.objc; path = "NSMutableDictionary+SKAdd.m"; sourceTree = "<group>"; };
		364D1D0E1EFA59E800AC2595 /* NSNumber+SKAdd.h */ = {isa = PBXFileReference; fileEncoding = 4; lastKnownFileType = sourcecode.c.h; path = "NSNumber+SKAdd.h"; sourceTree = "<group>"; };
		364D1D0F1EFA59E800AC2595 /* NSNumber+SKAdd.m */ = {isa = PBXFileReference; fileEncoding = 4; lastKnownFileType = sourcecode.c.objc; path = "NSNumber+SKAdd.m"; sourceTree = "<group>"; };
		364D1D101EFA59E800AC2595 /* NSObject+SKAdd.h */ = {isa = PBXFileReference; fileEncoding = 4; lastKnownFileType = sourcecode.c.h; path = "NSObject+SKAdd.h"; sourceTree = "<group>"; };
		364D1D111EFA59E800AC2595 /* NSObject+SKAdd.m */ = {isa = PBXFileReference; fileEncoding = 4; lastKnownFileType = sourcecode.c.objc; path = "NSObject+SKAdd.m"; sourceTree = "<group>"; };
		364D1D121EFA59E800AC2595 /* NSObject+SKAddForKVO.h */ = {isa = PBXFileReference; fileEncoding = 4; lastKnownFileType = sourcecode.c.h; path = "NSObject+SKAddForKVO.h"; sourceTree = "<group>"; };
		364D1D131EFA59E800AC2595 /* NSObject+SKAddForKVO.m */ = {isa = PBXFileReference; fileEncoding = 4; lastKnownFileType = sourcecode.c.objc; path = "NSObject+SKAddForKVO.m"; sourceTree = "<group>"; };
		364D1D141EFA59E800AC2595 /* NSString+SKAdd.h */ = {isa = PBXFileReference; fileEncoding = 4; lastKnownFileType = sourcecode.c.h; path = "NSString+SKAdd.h"; sourceTree = "<group>"; };
		364D1D151EFA59E800AC2595 /* NSString+SKAdd.m */ = {isa = PBXFileReference; fileEncoding = 4; lastKnownFileType = sourcecode.c.objc; path = "NSString+SKAdd.m"; sourceTree = "<group>"; };
		364D1D161EFA59E800AC2595 /* NSTimer+SKAdd.h */ = {isa = PBXFileReference; fileEncoding = 4; lastKnownFileType = sourcecode.c.h; path = "NSTimer+SKAdd.h"; sourceTree = "<group>"; };
		364D1D171EFA59E800AC2595 /* NSTimer+SKAdd.m */ = {isa = PBXFileReference; fileEncoding = 4; lastKnownFileType = sourcecode.c.objc; path = "NSTimer+SKAdd.m"; sourceTree = "<group>"; };
		364D1D181EFA59E800AC2595 /* SKKitMacro.h */ = {isa = PBXFileReference; fileEncoding = 4; lastKnownFileType = sourcecode.c.h; path = SKKitMacro.h; sourceTree = "<group>"; };
		364D1D1A1EFA59E800AC2595 /* UIApplication+SKAdd.h */ = {isa = PBXFileReference; fileEncoding = 4; lastKnownFileType = sourcecode.c.h; path = "UIApplication+SKAdd.h"; sourceTree = "<group>"; };
		364D1D1B1EFA59E800AC2595 /* UIApplication+SKAdd.m */ = {isa = PBXFileReference; fileEncoding = 4; lastKnownFileType = sourcecode.c.objc; path = "UIApplication+SKAdd.m"; sourceTree = "<group>"; };
		364D1D1C1EFA59E800AC2595 /* UIColor+SKAdd.h */ = {isa = PBXFileReference; fileEncoding = 4; lastKnownFileType = sourcecode.c.h; path = "UIColor+SKAdd.h"; sourceTree = "<group>"; };
		364D1D1D1EFA59E800AC2595 /* UIColor+SKAdd.m */ = {isa = PBXFileReference; fileEncoding = 4; lastKnownFileType = sourcecode.c.objc; path = "UIColor+SKAdd.m"; sourceTree = "<group>"; };
		364D1D1E1EFA59E800AC2595 /* UIControl+SKAdd.h */ = {isa = PBXFileReference; fileEncoding = 4; lastKnownFileType = sourcecode.c.h; path = "UIControl+SKAdd.h"; sourceTree = "<group>"; };
		364D1D1F1EFA59E800AC2595 /* UIControl+SKAdd.m */ = {isa = PBXFileReference; fileEncoding = 4; lastKnownFileType = sourcecode.c.objc; path = "UIControl+SKAdd.m"; sourceTree = "<group>"; };
		364D1D201EFA59E800AC2595 /* UIDevice+SKAdd.h */ = {isa = PBXFileReference; fileEncoding = 4; lastKnownFileType = sourcecode.c.h; path = "UIDevice+SKAdd.h"; sourceTree = "<group>"; };
		364D1D211EFA59E800AC2595 /* UIDevice+SKAdd.m */ = {isa = PBXFileReference; fileEncoding = 4; lastKnownFileType = sourcecode.c.objc; path = "UIDevice+SKAdd.m"; sourceTree = "<group>"; };
		364D1D221EFA59E800AC2595 /* UIImage+SKAdd.h */ = {isa = PBXFileReference; fileEncoding = 4; lastKnownFileType = sourcecode.c.h; path = "UIImage+SKAdd.h"; sourceTree = "<group>"; };
		364D1D231EFA59E800AC2595 /* UIImage+SKAdd.m */ = {isa = PBXFileReference; fileEncoding = 4; lastKnownFileType = sourcecode.c.objc; path = "UIImage+SKAdd.m"; sourceTree = "<group>"; };
		364D1D241EFA59E800AC2595 /* UIImageView+SKAdd.h */ = {isa = PBXFileReference; fileEncoding = 4; lastKnownFileType = sourcecode.c.h; path = "UIImageView+SKAdd.h"; sourceTree = "<group>"; };
		364D1D251EFA59E800AC2595 /* UIImageView+SKAdd.m */ = {isa = PBXFileReference; fileEncoding = 4; lastKnownFileType = sourcecode.c.objc; path = "UIImageView+SKAdd.m"; sourceTree = "<group>"; };
		364D1D261EFA59E800AC2595 /* UITextField+IndexPath.h */ = {isa = PBXFileReference; fileEncoding = 4; lastKnownFileType = sourcecode.c.h; path = "UITextField+IndexPath.h"; sourceTree = "<group>"; };
		364D1D271EFA59E800AC2595 /* UITextField+IndexPath.m */ = {isa = PBXFileReference; fileEncoding = 4; lastKnownFileType = sourcecode.c.objc; path = "UITextField+IndexPath.m"; sourceTree = "<group>"; };
		364D1D281EFA59E800AC2595 /* UIView+SKAdd.h */ = {isa = PBXFileReference; fileEncoding = 4; lastKnownFileType = sourcecode.c.h; path = "UIView+SKAdd.h"; sourceTree = "<group>"; };
		364D1D291EFA59E800AC2595 /* UIView+SKAdd.m */ = {isa = PBXFileReference; fileEncoding = 4; lastKnownFileType = sourcecode.c.objc; path = "UIView+SKAdd.m"; sourceTree = "<group>"; };
		364D1D2B1EFA59E800AC2595 /* SKHelper.h */ = {isa = PBXFileReference; fileEncoding = 4; lastKnownFileType = sourcecode.c.h; path = SKHelper.h; sourceTree = "<group>"; };
		364D1D2C1EFA59E800AC2595 /* SKHelper.m */ = {isa = PBXFileReference; fileEncoding = 4; lastKnownFileType = sourcecode.c.objc; path = SKHelper.m; sourceTree = "<group>"; };
		364D1D2E1EFA59E800AC2595 /* NSArray+Safe.h */ = {isa = PBXFileReference; fileEncoding = 4; lastKnownFileType = sourcecode.c.h; path = "NSArray+Safe.h"; sourceTree = "<group>"; };
		364D1D2F1EFA59E800AC2595 /* NSArray+Safe.m */ = {isa = PBXFileReference; fileEncoding = 4; lastKnownFileType = sourcecode.c.objc; path = "NSArray+Safe.m"; sourceTree = "<group>"; };
		364D1D301EFA59E800AC2595 /* NSMutableArray+Safe.h */ = {isa = PBXFileReference; fileEncoding = 4; lastKnownFileType = sourcecode.c.h; path = "NSMutableArray+Safe.h"; sourceTree = "<group>"; };
		364D1D311EFA59E800AC2595 /* NSMutableArray+Safe.m */ = {isa = PBXFileReference; fileEncoding = 4; lastKnownFileType = sourcecode.c.objc; path = "NSMutableArray+Safe.m"; sourceTree = "<group>"; };
		364D1D321EFA59E800AC2595 /* NSMutableDictionary+Safe.h */ = {isa = PBXFileReference; fileEncoding = 4; lastKnownFileType = sourcecode.c.h; path = "NSMutableDictionary+Safe.h"; sourceTree = "<group>"; };
		364D1D331EFA59E800AC2595 /* NSMutableDictionary+Safe.m */ = {isa = PBXFileReference; fileEncoding = 4; lastKnownFileType = sourcecode.c.objc; path = "NSMutableDictionary+Safe.m"; sourceTree = "<group>"; };
		364D1D341EFA59E800AC2595 /* NSMutableString+Safe.h */ = {isa = PBXFileReference; fileEncoding = 4; lastKnownFileType = sourcecode.c.h; path = "NSMutableString+Safe.h"; sourceTree = "<group>"; };
		364D1D351EFA59E800AC2595 /* NSMutableString+Safe.m */ = {isa = PBXFileReference; fileEncoding = 4; lastKnownFileType = sourcecode.c.objc; path = "NSMutableString+Safe.m"; sourceTree = "<group>"; };
		364D1D361EFA59E800AC2595 /* NSString+Safe.h */ = {isa = PBXFileReference; fileEncoding = 4; lastKnownFileType = sourcecode.c.h; path = "NSString+Safe.h"; sourceTree = "<group>"; };
		364D1D371EFA59E800AC2595 /* NSString+Safe.m */ = {isa = PBXFileReference; fileEncoding = 4; lastKnownFileType = sourcecode.c.objc; path = "NSString+Safe.m"; sourceTree = "<group>"; };
		364D1D391EFA59E800AC2595 /* ViewController.h */ = {isa = PBXFileReference; fileEncoding = 4; lastKnownFileType = sourcecode.c.h; path = ViewController.h; sourceTree = "<group>"; };
		364D1D3A1EFA59E800AC2595 /* ViewController.m */ = {isa = PBXFileReference; fileEncoding = 4; lastKnownFileType = sourcecode.c.objc; path = ViewController.m; sourceTree = "<group>"; };
		36A1A78F1F2828D900552962 /* NetworkLib.h */ = {isa = PBXFileReference; fileEncoding = 4; lastKnownFileType = sourcecode.c.h; path = NetworkLib.h; sourceTree = "<group>"; };
		36A1A7901F2828D900552962 /* NetworkLib.m */ = {isa = PBXFileReference; fileEncoding = 4; lastKnownFileType = sourcecode.c.objc; path = NetworkLib.m; sourceTree = "<group>"; };
		36A1A7931F2828E300552962 /* SKBuildKit.h */ = {isa = PBXFileReference; fileEncoding = 4; lastKnownFileType = sourcecode.c.h; path = SKBuildKit.h; sourceTree = "<group>"; };
		36A1A7941F2828E300552962 /* SKBuildKit.m */ = {isa = PBXFileReference; fileEncoding = 4; lastKnownFileType = sourcecode.c.objc; path = SKBuildKit.m; sourceTree = "<group>"; };
		36A1A7961F2828E300552962 /* SKTextField.h */ = {isa = PBXFileReference; fileEncoding = 4; lastKnownFileType = sourcecode.c.h; path = SKTextField.h; sourceTree = "<group>"; };
		36A1A7971F2828E300552962 /* SKTextField.m */ = {isa = PBXFileReference; fileEncoding = 4; lastKnownFileType = sourcecode.c.objc; path = SKTextField.m; sourceTree = "<group>"; };
		36A1A79B1F2828ED00552962 /* BaseRefreshTableViewController.h */ = {isa = PBXFileReference; fileEncoding = 4; lastKnownFileType = sourcecode.c.h; path = BaseRefreshTableViewController.h; sourceTree = "<group>"; };
		36A1A79C1F2828ED00552962 /* BaseRefreshTableViewController.m */ = {isa = PBXFileReference; fileEncoding = 4; lastKnownFileType = sourcecode.c.objc; path = BaseRefreshTableViewController.m; sourceTree = "<group>"; };
		36A1A79E1F2828ED00552962 /* BaseViewController.h */ = {isa = PBXFileReference; fileEncoding = 4; lastKnownFileType = sourcecode.c.h; path = BaseViewController.h; sourceTree = "<group>"; };
		36A1A79F1F2828ED00552962 /* BaseViewController.m */ = {isa = PBXFileReference; fileEncoding = 4; lastKnownFileType = sourcecode.c.objc; path = BaseViewController.m; sourceTree = "<group>"; };
		36A1A7A11F2828ED00552962 /* BaseWebViewController.h */ = {isa = PBXFileReference; fileEncoding = 4; lastKnownFileType = sourcecode.c.h; path = BaseWebViewController.h; sourceTree = "<group>"; };
		36A1A7A21F2828ED00552962 /* BaseWebViewController.m */ = {isa = PBXFileReference; fileEncoding = 4; lastKnownFileType = sourcecode.c.objc; path = BaseWebViewController.m; sourceTree = "<group>"; };
		36A1A7A91F282DFD00552962 /* SKPlaceholderView.h */ = {isa = PBXFileReference; fileEncoding = 4; lastKnownFileType = sourcecode.c.h; path = SKPlaceholderView.h; sourceTree = "<group>"; };
		36A1A7AA1F282DFD00552962 /* SKPlaceholderView.m */ = {isa = PBXFileReference; fileEncoding = 4; lastKnownFileType = sourcecode.c.objc; path = SKPlaceholderView.m; sourceTree = "<group>"; };
		36A1A7AF1F283A0500552962 /* TemplateActionProtocol.h */ = {isa = PBXFileReference; fileEncoding = 4; lastKnownFileType = sourcecode.c.h; path = TemplateActionProtocol.h; sourceTree = "<group>"; };
		36A1A7B01F283A0500552962 /* TemplateCellProtocol.h */ = {isa = PBXFileReference; fileEncoding = 4; lastKnownFileType = sourcecode.c.h; path = TemplateCellProtocol.h; sourceTree = "<group>"; };
		36A1A7B11F283A0500552962 /* TemplateRenderProtocol.h */ = {isa = PBXFileReference; fileEncoding = 4; lastKnownFileType = sourcecode.c.h; path = TemplateRenderProtocol.h; sourceTree = "<group>"; };
		36A1A7B21F283A0500552962 /* TemplateSorbRenderProtocol.h */ = {isa = PBXFileReference; fileEncoding = 4; lastKnownFileType = sourcecode.c.h; path = TemplateSorbRenderProtocol.h; sourceTree = "<group>"; };
		36A1A7B31F283A0500552962 /* TemplateValidationProtocol.h */ = {isa = PBXFileReference; fileEncoding = 4; lastKnownFileType = sourcecode.c.h; path = TemplateValidationProtocol.h; sourceTree = "<group>"; };
		36EAB6FD1F0B779700B49D5D /* SKKit.h */ = {isa = PBXFileReference; fileEncoding = 4; lastKnownFileType = sourcecode.c.h; path = SKKit.h; sourceTree = "<group>"; };
		36FE8A0C1EE97A4B00E733B8 /* SKToolsDemo.app */ = {isa = PBXFileReference; explicitFileType = wrapper.application; includeInIndex = 0; path = SKToolsDemo.app; sourceTree = BUILT_PRODUCTS_DIR; };
		36FE8A251EE97A4B00E733B8 /* SKToolsDemoTests.xctest */ = {isa = PBXFileReference; explicitFileType = wrapper.cfbundle; includeInIndex = 0; path = SKToolsDemoTests.xctest; sourceTree = BUILT_PRODUCTS_DIR; };
		36FE8A291EE97A4B00E733B8 /* SKToolsDemoTests.m */ = {isa = PBXFileReference; lastKnownFileType = sourcecode.c.objc; path = SKToolsDemoTests.m; sourceTree = "<group>"; };
		36FE8A2B1EE97A4B00E733B8 /* Info.plist */ = {isa = PBXFileReference; lastKnownFileType = text.plist.xml; path = Info.plist; sourceTree = "<group>"; };
		36FE8A301EE97A4B00E733B8 /* SKToolsDemoUITests.xctest */ = {isa = PBXFileReference; explicitFileType = wrapper.cfbundle; includeInIndex = 0; path = SKToolsDemoUITests.xctest; sourceTree = BUILT_PRODUCTS_DIR; };
		36FE8A341EE97A4B00E733B8 /* SKToolsDemoUITests.m */ = {isa = PBXFileReference; lastKnownFileType = sourcecode.c.objc; path = SKToolsDemoUITests.m; sourceTree = "<group>"; };
		36FE8A361EE97A4B00E733B8 /* Info.plist */ = {isa = PBXFileReference; lastKnownFileType = text.plist.xml; path = Info.plist; sourceTree = "<group>"; };
/* End PBXFileReference section */

/* Begin PBXFrameworksBuildPhase section */
		36FE8A091EE97A4B00E733B8 /* Frameworks */ = {
			isa = PBXFrameworksBuildPhase;
			buildActionMask = 2147483647;
			files = (
			);
			runOnlyForDeploymentPostprocessing = 0;
		};
		36FE8A221EE97A4B00E733B8 /* Frameworks */ = {
			isa = PBXFrameworksBuildPhase;
			buildActionMask = 2147483647;
			files = (
			);
			runOnlyForDeploymentPostprocessing = 0;
		};
		36FE8A2D1EE97A4B00E733B8 /* Frameworks */ = {
			isa = PBXFrameworksBuildPhase;
			buildActionMask = 2147483647;
			files = (
			);
			runOnlyForDeploymentPostprocessing = 0;
		};
/* End PBXFrameworksBuildPhase section */

/* Begin PBXGroup section */
		364D1CF41EFA59E800AC2595 /* SKToolsDemo */ = {
			isa = PBXGroup;
			children = (
				364D1CF51EFA59E800AC2595 /* AppDelegate.h */,
				364D1CF61EFA59E800AC2595 /* AppDelegate.m */,
				364D1CF71EFA59E800AC2595 /* Assets.xcassets */,
				364D1CF81EFA59E800AC2595 /* LaunchScreen.storyboard */,
				364D1CFA1EFA59E800AC2595 /* Main.storyboard */,
				364D1CFC1EFA59E800AC2595 /* desktop.png */,
				364D1CFD1EFA59E800AC2595 /* Info.plist */,
				364D1CFE1EFA59E800AC2595 /* main.m */,
				364D1CFF1EFA59E800AC2595 /* Tools */,
				364D1D391EFA59E800AC2595 /* ViewController.h */,
				364D1D3A1EFA59E800AC2595 /* ViewController.m */,
			);
			path = SKToolsDemo;
			sourceTree = "<group>";
		};
		364D1CFF1EFA59E800AC2595 /* Tools */ = {
			isa = PBXGroup;
			children = (
				36A1A78E1F2828D900552962 /* Server */,
				364D1D001EFA59E800AC2595 /* SKUtils */,
			);
			path = Tools;
			sourceTree = "<group>";
		};
		364D1D001EFA59E800AC2595 /* SKUtils */ = {
			isa = PBXGroup;
			children = (
				36A1A78D1F28284700552962 /* Other */,
				36A1A78C1F28276100552962 /* Base */,
				36EAB6FD1F0B779700B49D5D /* SKKit.h */,
				364D1D011EFA59E800AC2595 /* SKCategories */,
				364D1D2A1EFA59E800AC2595 /* SKHelper */,
				364D1D2D1EFA59E800AC2595 /* SKSafe */,
			);
			path = SKUtils;
			sourceTree = "<group>";
		};
		364D1D011EFA59E800AC2595 /* SKCategories */ = {
			isa = PBXGroup;
			children = (
				364D1D021EFA59E800AC2595 /* Quartz */,
				364D1D071EFA59E800AC2595 /* SKFoundation */,
				364D1D181EFA59E800AC2595 /* SKKitMacro.h */,
				364D1D191EFA59E800AC2595 /* SKUIKit */,
			);
			path = SKCategories;
			sourceTree = "<group>";
		};
		364D1D021EFA59E800AC2595 /* Quartz */ = {
			isa = PBXGroup;
			children = (
				364D1D031EFA59E800AC2595 /* CALayer+SKAdd.h */,
				364D1D041EFA59E800AC2595 /* CALayer+SKAdd.m */,
				364D1D051EFA59E800AC2595 /* SKCGUtilities.h */,
				364D1D061EFA59E800AC2595 /* SKCGUtilities.m */,
			);
			path = Quartz;
			sourceTree = "<group>";
		};
		364D1D071EFA59E800AC2595 /* SKFoundation */ = {
			isa = PBXGroup;
			children = (
				364D1D081EFA59E800AC2595 /* NSData+SKAdd.h */,
				364D1D091EFA59E800AC2595 /* NSData+SKAdd.m */,
				364D1D0A1EFA59E800AC2595 /* NSDate+SKAdd.h */,
				364D1D0B1EFA59E800AC2595 /* NSDate+SKAdd.m */,
				364D1D0C1EFA59E800AC2595 /* NSMutableDictionary+SKAdd.h */,
				364D1D0D1EFA59E800AC2595 /* NSMutableDictionary+SKAdd.m */,
				364D1D0E1EFA59E800AC2595 /* NSNumber+SKAdd.h */,
				364D1D0F1EFA59E800AC2595 /* NSNumber+SKAdd.m */,
				364D1D101EFA59E800AC2595 /* NSObject+SKAdd.h */,
				364D1D111EFA59E800AC2595 /* NSObject+SKAdd.m */,
				364D1D121EFA59E800AC2595 /* NSObject+SKAddForKVO.h */,
				364D1D131EFA59E800AC2595 /* NSObject+SKAddForKVO.m */,
				364D1D141EFA59E800AC2595 /* NSString+SKAdd.h */,
				364D1D151EFA59E800AC2595 /* NSString+SKAdd.m */,
				364D1D161EFA59E800AC2595 /* NSTimer+SKAdd.h */,
				364D1D171EFA59E800AC2595 /* NSTimer+SKAdd.m */,
			);
			path = SKFoundation;
			sourceTree = "<group>";
		};
		364D1D191EFA59E800AC2595 /* SKUIKit */ = {
			isa = PBXGroup;
			children = (
				364D1D1A1EFA59E800AC2595 /* UIApplication+SKAdd.h */,
				364D1D1B1EFA59E800AC2595 /* UIApplication+SKAdd.m */,
				364D1D1C1EFA59E800AC2595 /* UIColor+SKAdd.h */,
				364D1D1D1EFA59E800AC2595 /* UIColor+SKAdd.m */,
				364D1D1E1EFA59E800AC2595 /* UIControl+SKAdd.h */,
				364D1D1F1EFA59E800AC2595 /* UIControl+SKAdd.m */,
				364D1D201EFA59E800AC2595 /* UIDevice+SKAdd.h */,
				364D1D211EFA59E800AC2595 /* UIDevice+SKAdd.m */,
				364D1D221EFA59E800AC2595 /* UIImage+SKAdd.h */,
				364D1D231EFA59E800AC2595 /* UIImage+SKAdd.m */,
				364D1D241EFA59E800AC2595 /* UIImageView+SKAdd.h */,
				364D1D251EFA59E800AC2595 /* UIImageView+SKAdd.m */,
				364D1D261EFA59E800AC2595 /* UITextField+IndexPath.h */,
				364D1D271EFA59E800AC2595 /* UITextField+IndexPath.m */,
				364D1D281EFA59E800AC2595 /* UIView+SKAdd.h */,
				364D1D291EFA59E800AC2595 /* UIView+SKAdd.m */,
			);
			path = SKUIKit;
			sourceTree = "<group>";
		};
		364D1D2A1EFA59E800AC2595 /* SKHelper */ = {
			isa = PBXGroup;
			children = (
				364D1D2B1EFA59E800AC2595 /* SKHelper.h */,
				364D1D2C1EFA59E800AC2595 /* SKHelper.m */,
			);
			path = SKHelper;
			sourceTree = "<group>";
		};
		364D1D2D1EFA59E800AC2595 /* SKSafe */ = {
			isa = PBXGroup;
			children = (
				364D1D2E1EFA59E800AC2595 /* NSArray+Safe.h */,
				364D1D2F1EFA59E800AC2595 /* NSArray+Safe.m */,
				364D1D301EFA59E800AC2595 /* NSMutableArray+Safe.h */,
				364D1D311EFA59E800AC2595 /* NSMutableArray+Safe.m */,
				364D1D321EFA59E800AC2595 /* NSMutableDictionary+Safe.h */,
				364D1D331EFA59E800AC2595 /* NSMutableDictionary+Safe.m */,
				364D1D341EFA59E800AC2595 /* NSMutableString+Safe.h */,
				364D1D351EFA59E800AC2595 /* NSMutableString+Safe.m */,
				364D1D361EFA59E800AC2595 /* NSString+Safe.h */,
				364D1D371EFA59E800AC2595 /* NSString+Safe.m */,
			);
			path = SKSafe;
			sourceTree = "<group>";
		};
		36A1A78C1F28276100552962 /* Base */ = {
			isa = PBXGroup;
			children = (
				36A1A7AE1F283A0500552962 /* Protocol */,
				36A1A79A1F2828ED00552962 /* BaseRefreshTableViewController */,
				36A1A79D1F2828ED00552962 /* BaseViewController */,
				36A1A7A01F2828ED00552962 /* BaseWebViewController */,
			);
			path = Base;
			sourceTree = "<group>";
		};
		36A1A78D1F28284700552962 /* Other */ = {
			isa = PBXGroup;
			children = (
				36A1A7A81F282DFD00552962 /* SKPlaceholderView */,
				36A1A7921F2828E300552962 /* SKBuildKit */,
				36A1A7951F2828E300552962 /* SKTextField */,
			);
			path = Other;
			sourceTree = "<group>";
		};
		36A1A78E1F2828D900552962 /* Server */ = {
			isa = PBXGroup;
			children = (
				36A1A78F1F2828D900552962 /* NetworkLib.h */,
				36A1A7901F2828D900552962 /* NetworkLib.m */,
			);
			path = Server;
			sourceTree = "<group>";
		};
		36A1A7921F2828E300552962 /* SKBuildKit */ = {
			isa = PBXGroup;
			children = (
				36A1A7931F2828E300552962 /* SKBuildKit.h */,
				36A1A7941F2828E300552962 /* SKBuildKit.m */,
			);
			path = SKBuildKit;
			sourceTree = "<group>";
		};
		36A1A7951F2828E300552962 /* SKTextField */ = {
			isa = PBXGroup;
			children = (
				36A1A7961F2828E300552962 /* SKTextField.h */,
				36A1A7971F2828E300552962 /* SKTextField.m */,
			);
			path = SKTextField;
			sourceTree = "<group>";
		};
		36A1A79A1F2828ED00552962 /* BaseRefreshTableViewController */ = {
			isa = PBXGroup;
			children = (
				36A1A79B1F2828ED00552962 /* BaseRefreshTableViewController.h */,
				36A1A79C1F2828ED00552962 /* BaseRefreshTableViewController.m */,
			);
			path = BaseRefreshTableViewController;
			sourceTree = "<group>";
		};
		36A1A79D1F2828ED00552962 /* BaseViewController */ = {
			isa = PBXGroup;
			children = (
				36A1A79E1F2828ED00552962 /* BaseViewController.h */,
				36A1A79F1F2828ED00552962 /* BaseViewController.m */,
			);
			path = BaseViewController;
			sourceTree = "<group>";
		};
		36A1A7A01F2828ED00552962 /* BaseWebViewController */ = {
			isa = PBXGroup;
			children = (
				36A1A7A11F2828ED00552962 /* BaseWebViewController.h */,
				36A1A7A21F2828ED00552962 /* BaseWebViewController.m */,
			);
			path = BaseWebViewController;
			sourceTree = "<group>";
		};
		36A1A7A81F282DFD00552962 /* SKPlaceholderView */ = {
			isa = PBXGroup;
			children = (
				36A1A7A91F282DFD00552962 /* SKPlaceholderView.h */,
				36A1A7AA1F282DFD00552962 /* SKPlaceholderView.m */,
			);
			path = SKPlaceholderView;
			sourceTree = "<group>";
		};
		36A1A7AE1F283A0500552962 /* Protocol */ = {
			isa = PBXGroup;
			children = (
				36A1A7AF1F283A0500552962 /* TemplateActionProtocol.h */,
				36A1A7B01F283A0500552962 /* TemplateCellProtocol.h */,
				36A1A7B11F283A0500552962 /* TemplateRenderProtocol.h */,
				36A1A7B21F283A0500552962 /* TemplateSorbRenderProtocol.h */,
				36A1A7B31F283A0500552962 /* TemplateValidationProtocol.h */,
			);
			path = Protocol;
			sourceTree = "<group>";
		};
		36FE8A031EE97A4B00E733B8 = {
			isa = PBXGroup;
			children = (
				364D1CF41EFA59E800AC2595 /* SKToolsDemo */,
				36FE8A281EE97A4B00E733B8 /* SKToolsDemoTests */,
				36FE8A331EE97A4B00E733B8 /* SKToolsDemoUITests */,
				36FE8A0D1EE97A4B00E733B8 /* Products */,
			);
			sourceTree = "<group>";
		};
		36FE8A0D1EE97A4B00E733B8 /* Products */ = {
			isa = PBXGroup;
			children = (
				36FE8A0C1EE97A4B00E733B8 /* SKToolsDemo.app */,
				36FE8A251EE97A4B00E733B8 /* SKToolsDemoTests.xctest */,
				36FE8A301EE97A4B00E733B8 /* SKToolsDemoUITests.xctest */,
			);
			name = Products;
			sourceTree = "<group>";
		};
		36FE8A281EE97A4B00E733B8 /* SKToolsDemoTests */ = {
			isa = PBXGroup;
			children = (
				36FE8A291EE97A4B00E733B8 /* SKToolsDemoTests.m */,
				36FE8A2B1EE97A4B00E733B8 /* Info.plist */,
			);
			path = SKToolsDemoTests;
			sourceTree = "<group>";
		};
		36FE8A331EE97A4B00E733B8 /* SKToolsDemoUITests */ = {
			isa = PBXGroup;
			children = (
				36FE8A341EE97A4B00E733B8 /* SKToolsDemoUITests.m */,
				36FE8A361EE97A4B00E733B8 /* Info.plist */,
			);
			path = SKToolsDemoUITests;
			sourceTree = "<group>";
		};
/* End PBXGroup section */

/* Begin PBXNativeTarget section */
		36FE8A0B1EE97A4B00E733B8 /* SKToolsDemo */ = {
			isa = PBXNativeTarget;
			buildConfigurationList = 36FE8A391EE97A4B00E733B8 /* Build configuration list for PBXNativeTarget "SKToolsDemo" */;
			buildPhases = (
				36FE8A081EE97A4B00E733B8 /* Sources */,
				36FE8A091EE97A4B00E733B8 /* Frameworks */,
				36FE8A0A1EE97A4B00E733B8 /* Resources */,
			);
			buildRules = (
			);
			dependencies = (
			);
			name = SKToolsDemo;
			productName = SKToolsDemo;
			productReference = 36FE8A0C1EE97A4B00E733B8 /* SKToolsDemo.app */;
			productType = "com.apple.product-type.application";
		};
		36FE8A241EE97A4B00E733B8 /* SKToolsDemoTests */ = {
			isa = PBXNativeTarget;
			buildConfigurationList = 36FE8A3C1EE97A4B00E733B8 /* Build configuration list for PBXNativeTarget "SKToolsDemoTests" */;
			buildPhases = (
				36FE8A211EE97A4B00E733B8 /* Sources */,
				36FE8A221EE97A4B00E733B8 /* Frameworks */,
				36FE8A231EE97A4B00E733B8 /* Resources */,
			);
			buildRules = (
			);
			dependencies = (
				36FE8A271EE97A4B00E733B8 /* PBXTargetDependency */,
			);
			name = SKToolsDemoTests;
			productName = SKToolsDemoTests;
			productReference = 36FE8A251EE97A4B00E733B8 /* SKToolsDemoTests.xctest */;
			productType = "com.apple.product-type.bundle.unit-test";
		};
		36FE8A2F1EE97A4B00E733B8 /* SKToolsDemoUITests */ = {
			isa = PBXNativeTarget;
			buildConfigurationList = 36FE8A3F1EE97A4B00E733B8 /* Build configuration list for PBXNativeTarget "SKToolsDemoUITests" */;
			buildPhases = (
				36FE8A2C1EE97A4B00E733B8 /* Sources */,
				36FE8A2D1EE97A4B00E733B8 /* Frameworks */,
				36FE8A2E1EE97A4B00E733B8 /* Resources */,
			);
			buildRules = (
			);
			dependencies = (
				36FE8A321EE97A4B00E733B8 /* PBXTargetDependency */,
			);
			name = SKToolsDemoUITests;
			productName = SKToolsDemoUITests;
			productReference = 36FE8A301EE97A4B00E733B8 /* SKToolsDemoUITests.xctest */;
			productType = "com.apple.product-type.bundle.ui-testing";
		};
/* End PBXNativeTarget section */

/* Begin PBXProject section */
		36FE8A041EE97A4B00E733B8 /* Project object */ = {
			isa = PBXProject;
			attributes = {
				LastUpgradeCheck = 0820;
				ORGANIZATIONNAME = Sakya;
				TargetAttributes = {
					36FE8A0B1EE97A4B00E733B8 = {
						CreatedOnToolsVersion = 8.2.1;
						DevelopmentTeam = 38SZG46UR4;
						ProvisioningStyle = Automatic;
					};
					36FE8A241EE97A4B00E733B8 = {
						CreatedOnToolsVersion = 8.2.1;
						DevelopmentTeam = V88STV6K6N;
						ProvisioningStyle = Automatic;
						TestTargetID = 36FE8A0B1EE97A4B00E733B8;
					};
					36FE8A2F1EE97A4B00E733B8 = {
						CreatedOnToolsVersion = 8.2.1;
						DevelopmentTeam = V88STV6K6N;
						ProvisioningStyle = Automatic;
						TestTargetID = 36FE8A0B1EE97A4B00E733B8;
					};
				};
			};
			buildConfigurationList = 36FE8A071EE97A4B00E733B8 /* Build configuration list for PBXProject "SKToolsDemo" */;
			compatibilityVersion = "Xcode 3.2";
			developmentRegion = English;
			hasScannedForEncodings = 0;
			knownRegions = (
				en,
				Base,
			);
			mainGroup = 36FE8A031EE97A4B00E733B8;
			productRefGroup = 36FE8A0D1EE97A4B00E733B8 /* Products */;
			projectDirPath = "";
			projectRoot = "";
			targets = (
				36FE8A0B1EE97A4B00E733B8 /* SKToolsDemo */,
				36FE8A241EE97A4B00E733B8 /* SKToolsDemoTests */,
				36FE8A2F1EE97A4B00E733B8 /* SKToolsDemoUITests */,
			);
		};
/* End PBXProject section */

/* Begin PBXResourcesBuildPhase section */
		36FE8A0A1EE97A4B00E733B8 /* Resources */ = {
			isa = PBXResourcesBuildPhase;
			buildActionMask = 2147483647;
			files = (
				364D1D3F1EFA59E800AC2595 /* desktop.png in Resources */,
				364D1D3E1EFA59E800AC2595 /* Main.storyboard in Resources */,
				364D1D3C1EFA59E800AC2595 /* Assets.xcassets in Resources */,
				364D1D3D1EFA59E800AC2595 /* LaunchScreen.storyboard in Resources */,
			);
			runOnlyForDeploymentPostprocessing = 0;
		};
		36FE8A231EE97A4B00E733B8 /* Resources */ = {
			isa = PBXResourcesBuildPhase;
			buildActionMask = 2147483647;
			files = (
			);
			runOnlyForDeploymentPostprocessing = 0;
		};
		36FE8A2E1EE97A4B00E733B8 /* Resources */ = {
			isa = PBXResourcesBuildPhase;
			buildActionMask = 2147483647;
			files = (
			);
			runOnlyForDeploymentPostprocessing = 0;
		};
/* End PBXResourcesBuildPhase section */

/* Begin PBXSourcesBuildPhase section */
		36FE8A081EE97A4B00E733B8 /* Sources */ = {
			isa = PBXSourcesBuildPhase;
			buildActionMask = 2147483647;
			files = (
				364D1D571EFA59E800AC2595 /* NSMutableDictionary+Safe.m in Sources */,
				364D1D501EFA59E800AC2595 /* UIImage+SKAdd.m in Sources */,
				364D1D541EFA59E800AC2595 /* SKHelper.m in Sources */,
				364D1D4E1EFA59E800AC2595 /* UIControl+SKAdd.m in Sources */,
				364D1D591EFA59E800AC2595 /* NSString+Safe.m in Sources */,
				364D1D441EFA59E800AC2595 /* NSData+SKAdd.m in Sources */,
				364D1D411EFA59E800AC2595 /* main.m in Sources */,
				36A1A7A51F2828ED00552962 /* BaseWebViewController.m in Sources */,
				36A1A7A31F2828ED00552962 /* BaseRefreshTableViewController.m in Sources */,
				364D1D3B1EFA59E800AC2595 /* AppDelegate.m in Sources */,
				36A1A7A41F2828ED00552962 /* BaseViewController.m in Sources */,
				364D1D4A1EFA59E800AC2595 /* NSString+SKAdd.m in Sources */,
				36A1A7AB1F282DFD00552962 /* SKPlaceholderView.m in Sources */,
				364D1D5A1EFA59E800AC2595 /* ViewController.m in Sources */,
				364D1D551EFA59E800AC2595 /* NSArray+Safe.m in Sources */,
				36A1A7981F2828E300552962 /* SKBuildKit.m in Sources */,
				364D1D461EFA59E800AC2595 /* NSMutableDictionary+SKAdd.m in Sources */,
				36A1A7911F2828D900552962 /* NetworkLib.m in Sources */,
				364D1D491EFA59E800AC2595 /* NSObject+SKAddForKVO.m in Sources */,
				364D1D531EFA59E800AC2595 /* UIView+SKAdd.m in Sources */,
				364D1D431EFA59E800AC2595 /* SKCGUtilities.m in Sources */,
				364D1D451EFA59E800AC2595 /* NSDate+SKAdd.m in Sources */,
				364D1D421EFA59E800AC2595 /* CALayer+SKAdd.m in Sources */,
				364D1D561EFA59E800AC2595 /* NSMutableArray+Safe.m in Sources */,
				364D1D581EFA59E800AC2595 /* NSMutableString+Safe.m in Sources */,
				364D1D481EFA59E800AC2595 /* NSObject+SKAdd.m in Sources */,
				364D1D511EFA59E800AC2595 /* UIImageView+SKAdd.m in Sources */,
				364D1D4F1EFA59E800AC2595 /* UIDevice+SKAdd.m in Sources */,
				364D1D4C1EFA59E800AC2595 /* UIApplication+SKAdd.m in Sources */,
				364D1D4B1EFA59E800AC2595 /* NSTimer+SKAdd.m in Sources */,
				364D1D521EFA59E800AC2595 /* UITextField+IndexPath.m in Sources */,
				36A1A7991F2828E300552962 /* SKTextField.m in Sources */,
				364D1D471EFA59E800AC2595 /* NSNumber+SKAdd.m in Sources */,
				364D1D4D1EFA59E800AC2595 /* UIColor+SKAdd.m in Sources */,
			);
			runOnlyForDeploymentPostprocessing = 0;
		};
		36FE8A211EE97A4B00E733B8 /* Sources */ = {
			isa = PBXSourcesBuildPhase;
			buildActionMask = 2147483647;
			files = (
				36FE8A2A1EE97A4B00E733B8 /* SKToolsDemoTests.m in Sources */,
			);
			runOnlyForDeploymentPostprocessing = 0;
		};
		36FE8A2C1EE97A4B00E733B8 /* Sources */ = {
			isa = PBXSourcesBuildPhase;
			buildActionMask = 2147483647;
			files = (
				36FE8A351EE97A4B00E733B8 /* SKToolsDemoUITests.m in Sources */,
			);
			runOnlyForDeploymentPostprocessing = 0;
		};
/* End PBXSourcesBuildPhase section */

/* Begin PBXTargetDependency section */
		36FE8A271EE97A4B00E733B8 /* PBXTargetDependency */ = {
			isa = PBXTargetDependency;
			target = 36FE8A0B1EE97A4B00E733B8 /* SKToolsDemo */;
			targetProxy = 36FE8A261EE97A4B00E733B8 /* PBXContainerItemProxy */;
		};
		36FE8A321EE97A4B00E733B8 /* PBXTargetDependency */ = {
			isa = PBXTargetDependency;
			target = 36FE8A0B1EE97A4B00E733B8 /* SKToolsDemo */;
			targetProxy = 36FE8A311EE97A4B00E733B8 /* PBXContainerItemProxy */;
		};
/* End PBXTargetDependency section */

/* Begin PBXVariantGroup section */
		364D1CF81EFA59E800AC2595 /* LaunchScreen.storyboard */ = {
			isa = PBXVariantGroup;
			children = (
				364D1CF91EFA59E800AC2595 /* Base */,
			);
			name = LaunchScreen.storyboard;
			sourceTree = "<group>";
		};
		364D1CFA1EFA59E800AC2595 /* Main.storyboard */ = {
			isa = PBXVariantGroup;
			children = (
				364D1CFB1EFA59E800AC2595 /* Base */,
			);
			name = Main.storyboard;
			sourceTree = "<group>";
		};
/* End PBXVariantGroup section */

/* Begin XCBuildConfiguration section */
		36FE8A371EE97A4B00E733B8 /* Debug */ = {
			isa = XCBuildConfiguration;
			buildSettings = {
				ALWAYS_SEARCH_USER_PATHS = NO;
				CLANG_ANALYZER_NONNULL = YES;
				CLANG_CXX_LANGUAGE_STANDARD = "gnu++0x";
				CLANG_CXX_LIBRARY = "libc++";
				CLANG_ENABLE_MODULES = YES;
				CLANG_ENABLE_OBJC_ARC = YES;
				CLANG_WARN_BOOL_CONVERSION = YES;
				CLANG_WARN_CONSTANT_CONVERSION = YES;
				CLANG_WARN_DIRECT_OBJC_ISA_USAGE = YES_ERROR;
				CLANG_WARN_DOCUMENTATION_COMMENTS = YES;
				CLANG_WARN_EMPTY_BODY = YES;
				CLANG_WARN_ENUM_CONVERSION = YES;
				CLANG_WARN_INFINITE_RECURSION = YES;
				CLANG_WARN_INT_CONVERSION = YES;
				CLANG_WARN_OBJC_ROOT_CLASS = YES_ERROR;
				CLANG_WARN_SUSPICIOUS_MOVE = YES;
				CLANG_WARN_UNREACHABLE_CODE = YES;
				CLANG_WARN__DUPLICATE_METHOD_MATCH = YES;
				"CODE_SIGN_IDENTITY[sdk=iphoneos*]" = "iPhone Developer";
				COPY_PHASE_STRIP = NO;
				DEBUG_INFORMATION_FORMAT = dwarf;
				ENABLE_STRICT_OBJC_MSGSEND = YES;
				ENABLE_TESTABILITY = YES;
				GCC_C_LANGUAGE_STANDARD = gnu99;
				GCC_DYNAMIC_NO_PIC = NO;
				GCC_NO_COMMON_BLOCKS = YES;
				GCC_OPTIMIZATION_LEVEL = 0;
				GCC_PREPROCESSOR_DEFINITIONS = (
					"DEBUG=1",
					"$(inherited)",
				);
				GCC_WARN_64_TO_32_BIT_CONVERSION = YES;
				GCC_WARN_ABOUT_RETURN_TYPE = YES_ERROR;
				GCC_WARN_UNDECLARED_SELECTOR = YES;
				GCC_WARN_UNINITIALIZED_AUTOS = YES_AGGRESSIVE;
				GCC_WARN_UNUSED_FUNCTION = YES;
				GCC_WARN_UNUSED_VARIABLE = YES;
				IPHONEOS_DEPLOYMENT_TARGET = 10.2;
				MTL_ENABLE_DEBUG_INFO = YES;
				ONLY_ACTIVE_ARCH = YES;
				SDKROOT = iphoneos;
			};
			name = Debug;
		};
		36FE8A381EE97A4B00E733B8 /* Release */ = {
			isa = XCBuildConfiguration;
			buildSettings = {
				ALWAYS_SEARCH_USER_PATHS = NO;
				CLANG_ANALYZER_NONNULL = YES;
				CLANG_CXX_LANGUAGE_STANDARD = "gnu++0x";
				CLANG_CXX_LIBRARY = "libc++";
				CLANG_ENABLE_MODULES = YES;
				CLANG_ENABLE_OBJC_ARC = YES;
				CLANG_WARN_BOOL_CONVERSION = YES;
				CLANG_WARN_CONSTANT_CONVERSION = YES;
				CLANG_WARN_DIRECT_OBJC_ISA_USAGE = YES_ERROR;
				CLANG_WARN_DOCUMENTATION_COMMENTS = YES;
				CLANG_WARN_EMPTY_BODY = YES;
				CLANG_WARN_ENUM_CONVERSION = YES;
				CLANG_WARN_INFINITE_RECURSION = YES;
				CLANG_WARN_INT_CONVERSION = YES;
				CLANG_WARN_OBJC_ROOT_CLASS = YES_ERROR;
				CLANG_WARN_SUSPICIOUS_MOVE = YES;
				CLANG_WARN_UNREACHABLE_CODE = YES;
				CLANG_WARN__DUPLICATE_METHOD_MATCH = YES;
				"CODE_SIGN_IDENTITY[sdk=iphoneos*]" = "iPhone Developer";
				COPY_PHASE_STRIP = NO;
				DEBUG_INFORMATION_FORMAT = "dwarf-with-dsym";
				ENABLE_NS_ASSERTIONS = NO;
				ENABLE_STRICT_OBJC_MSGSEND = YES;
				GCC_C_LANGUAGE_STANDARD = gnu99;
				GCC_NO_COMMON_BLOCKS = YES;
				GCC_WARN_64_TO_32_BIT_CONVERSION = YES;
				GCC_WARN_ABOUT_RETURN_TYPE = YES_ERROR;
				GCC_WARN_UNDECLARED_SELECTOR = YES;
				GCC_WARN_UNINITIALIZED_AUTOS = YES_AGGRESSIVE;
				GCC_WARN_UNUSED_FUNCTION = YES;
				GCC_WARN_UNUSED_VARIABLE = YES;
				IPHONEOS_DEPLOYMENT_TARGET = 10.2;
				MTL_ENABLE_DEBUG_INFO = NO;
				SDKROOT = iphoneos;
				VALIDATE_PRODUCT = YES;
			};
			name = Release;
		};
		36FE8A3A1EE97A4B00E733B8 /* Debug */ = {
			isa = XCBuildConfiguration;
			buildSettings = {
				ASSETCATALOG_COMPILER_APPICON_NAME = AppIcon;
				DEVELOPMENT_TEAM = 38SZG46UR4;
				INFOPLIST_FILE = SKToolsDemo/Info.plist;
				LD_RUNPATH_SEARCH_PATHS = "$(inherited) @executable_path/Frameworks";
				PRODUCT_BUNDLE_IDENTIFIER = com.youpude.SKToolsDemo;
				PRODUCT_NAME = "$(TARGET_NAME)";
			};
			name = Debug;
		};
		36FE8A3B1EE97A4B00E733B8 /* Release */ = {
			isa = XCBuildConfiguration;
			buildSettings = {
				ASSETCATALOG_COMPILER_APPICON_NAME = AppIcon;
				DEVELOPMENT_TEAM = 38SZG46UR4;
				INFOPLIST_FILE = SKToolsDemo/Info.plist;
				LD_RUNPATH_SEARCH_PATHS = "$(inherited) @executable_path/Frameworks";
				PRODUCT_BUNDLE_IDENTIFIER = com.youpude.SKToolsDemo;
				PRODUCT_NAME = "$(TARGET_NAME)";
			};
			name = Release;
		};
		36FE8A3D1EE97A4B00E733B8 /* Debug */ = {
			isa = XCBuildConfiguration;
			buildSettings = {
				BUNDLE_LOADER = "$(TEST_HOST)";
				DEVELOPMENT_TEAM = V88STV6K6N;
				INFOPLIST_FILE = SKToolsDemoTests/Info.plist;
				LD_RUNPATH_SEARCH_PATHS = "$(inherited) @executable_path/Frameworks @loader_path/Frameworks";
				PRODUCT_BUNDLE_IDENTIFIER = com.youpude.SKToolsDemoTests;
				PRODUCT_NAME = "$(TARGET_NAME)";
				TEST_HOST = "$(BUILT_PRODUCTS_DIR)/SKToolsDemo.app/SKToolsDemo";
			};
			name = Debug;
		};
		36FE8A3E1EE97A4B00E733B8 /* Release */ = {
			isa = XCBuildConfiguration;
			buildSettings = {
				BUNDLE_LOADER = "$(TEST_HOST)";
				DEVELOPMENT_TEAM = V88STV6K6N;
				INFOPLIST_FILE = SKToolsDemoTests/Info.plist;
				LD_RUNPATH_SEARCH_PATHS = "$(inherited) @executable_path/Frameworks @loader_path/Frameworks";
				PRODUCT_BUNDLE_IDENTIFIER = com.youpude.SKToolsDemoTests;
				PRODUCT_NAME = "$(TARGET_NAME)";
				TEST_HOST = "$(BUILT_PRODUCTS_DIR)/SKToolsDemo.app/SKToolsDemo";
			};
			name = Release;
		};
		36FE8A401EE97A4B00E733B8 /* Debug */ = {
			isa = XCBuildConfiguration;
			buildSettings = {
				DEVELOPMENT_TEAM = V88STV6K6N;
				INFOPLIST_FILE = SKToolsDemoUITests/Info.plist;
				LD_RUNPATH_SEARCH_PATHS = "$(inherited) @executable_path/Frameworks @loader_path/Frameworks";
				PRODUCT_BUNDLE_IDENTIFIER = com.youpude.SKToolsDemoUITests;
				PRODUCT_NAME = "$(TARGET_NAME)";
				TEST_TARGET_NAME = SKToolsDemo;
			};
			name = Debug;
		};
		36FE8A411EE97A4B00E733B8 /* Release */ = {
			isa = XCBuildConfiguration;
			buildSettings = {
				DEVELOPMENT_TEAM = V88STV6K6N;
				INFOPLIST_FILE = SKToolsDemoUITests/Info.plist;
				LD_RUNPATH_SEARCH_PATHS = "$(inherited) @executable_path/Frameworks @loader_path/Frameworks";
				PRODUCT_BUNDLE_IDENTIFIER = com.youpude.SKToolsDemoUITests;
				PRODUCT_NAME = "$(TARGET_NAME)";
				TEST_TARGET_NAME = SKToolsDemo;
			};
			name = Release;
		};
/* End XCBuildConfiguration section */

/* Begin XCConfigurationList section */
		36FE8A071EE97A4B00E733B8 /* Build configuration list for PBXProject "SKToolsDemo" */ = {
			isa = XCConfigurationList;
			buildConfigurations = (
				36FE8A371EE97A4B00E733B8 /* Debug */,
				36FE8A381EE97A4B00E733B8 /* Release */,
			);
			defaultConfigurationIsVisible = 0;
			defaultConfigurationName = Release;
		};
		36FE8A391EE97A4B00E733B8 /* Build configuration list for PBXNativeTarget "SKToolsDemo" */ = {
			isa = XCConfigurationList;
			buildConfigurations = (
				36FE8A3A1EE97A4B00E733B8 /* Debug */,
				36FE8A3B1EE97A4B00E733B8 /* Release */,
			);
			defaultConfigurationIsVisible = 0;
			defaultConfigurationName = Release;
		};
		36FE8A3C1EE97A4B00E733B8 /* Build configuration list for PBXNativeTarget "SKToolsDemoTests" */ = {
			isa = XCConfigurationList;
			buildConfigurations = (
				36FE8A3D1EE97A4B00E733B8 /* Debug */,
				36FE8A3E1EE97A4B00E733B8 /* Release */,
			);
			defaultConfigurationIsVisible = 0;
			defaultConfigurationName = Release;
		};
		36FE8A3F1EE97A4B00E733B8 /* Build configuration list for PBXNativeTarget "SKToolsDemoUITests" */ = {
			isa = XCConfigurationList;
			buildConfigurations = (
				36FE8A401EE97A4B00E733B8 /* Debug */,
				36FE8A411EE97A4B00E733B8 /* Release */,
			);
			defaultConfigurationIsVisible = 0;
			defaultConfigurationName = Release;
		};
/* End XCConfigurationList section */
	};
	rootObject = 36FE8A041EE97A4B00E733B8 /* Project object */;
}
