// !$*UTF8*$!
{
	archiveVersion = 1;
	classes = {
	};
	objectVersion = 46;
	objects = {

/* Begin PBXBuildFile section */
		364D1D3B1EFA59E800AC2595 /* AppDelegate.m in Sources */ = {isa = PBXBuildFile; fileRef = 364D1CF61EFA59E800AC2595 /* AppDelegate.m */; };
		364D1D3C1EFA59E800AC2595 /* Assets.xcassets in Resources */ = {isa = PBXBuildFile; fileRef = 364D1CF71EFA59E800AC2595 /* Assets.xcassets */; };
		364D1D3D1EFA59E800AC2595 /* LaunchScreen.storyboard in Resources */ = {isa = PBXBuildFile; fileRef = 364D1CF81EFA59E800AC2595 /* LaunchScreen.storyboard */; };
		364D1D3E1EFA59E800AC2595 /* Main.storyboard in Resources */ = {isa = PBXBuildFile; fileRef = 364D1CFA1EFA59E800AC2595 /* Main.storyboard */; };
		364D1D3F1EFA59E800AC2595 /* desktop.png in Resources */ = {isa = PBXBuildFile; fileRef = 364D1CFC1EFA59E800AC2595 /* desktop.png */; };
		364D1D411EFA59E800AC2595 /* main.m in Sources */ = {isa = PBXBuildFile; fileRef = 364D1CFE1EFA59E800AC2595 /* main.m */; };
		364D1D5A1EFA59E800AC2595 /* ViewController.m in Sources */ = {isa = PBXBuildFile; fileRef = 364D1D3A1EFA59E800AC2595 /* ViewController.m */; };
		36E0D5F71F9253D200AF933D /* NetworkLib.m in Sources */ = {isa = PBXBuildFile; fileRef = 36E0D5291F9253D100AF933D /* NetworkLib.m */; };
		36E0D5F81F9253D200AF933D /* BaseRefreshTableViewController.m in Sources */ = {isa = PBXBuildFile; fileRef = 36E0D52E1F9253D100AF933D /* BaseRefreshTableViewController.m */; };
		36E0D5F91F9253D200AF933D /* BaseViewController.m in Sources */ = {isa = PBXBuildFile; fileRef = 36E0D5311F9253D100AF933D /* BaseViewController.m */; };
		36E0D5FA1F9253D200AF933D /* BaseWebViewController.m in Sources */ = {isa = PBXBuildFile; fileRef = 36E0D5341F9253D100AF933D /* BaseWebViewController.m */; };
		36E0D5FB1F9253D200AF933D /* CALayer+SKAdd.m in Sources */ = {isa = PBXBuildFile; fileRef = 36E0D53F1F9253D200AF933D /* CALayer+SKAdd.m */; };
		36E0D5FC1F9253D200AF933D /* SKCGUtilities.m in Sources */ = {isa = PBXBuildFile; fileRef = 36E0D5411F9253D200AF933D /* SKCGUtilities.m */; };
		36E0D5FD1F9253D200AF933D /* NSData+SKAdd.m in Sources */ = {isa = PBXBuildFile; fileRef = 36E0D5441F9253D200AF933D /* NSData+SKAdd.m */; };
		36E0D5FE1F9253D200AF933D /* NSDate+SKAdd.m in Sources */ = {isa = PBXBuildFile; fileRef = 36E0D5461F9253D200AF933D /* NSDate+SKAdd.m */; };
		36E0D5FF1F9253D200AF933D /* NSMutableDictionary+SKAdd.m in Sources */ = {isa = PBXBuildFile; fileRef = 36E0D5481F9253D200AF933D /* NSMutableDictionary+SKAdd.m */; };
		36E0D6001F9253D200AF933D /* NSNumber+SKAdd.m in Sources */ = {isa = PBXBuildFile; fileRef = 36E0D54A1F9253D200AF933D /* NSNumber+SKAdd.m */; };
		36E0D6011F9253D200AF933D /* NSObject+SKAdd.m in Sources */ = {isa = PBXBuildFile; fileRef = 36E0D54C1F9253D200AF933D /* NSObject+SKAdd.m */; };
		36E0D6021F9253D200AF933D /* NSObject+SKAddForKVO.m in Sources */ = {isa = PBXBuildFile; fileRef = 36E0D54E1F9253D200AF933D /* NSObject+SKAddForKVO.m */; };
		36E0D6031F9253D200AF933D /* NSString+SKAdd.m in Sources */ = {isa = PBXBuildFile; fileRef = 36E0D5501F9253D200AF933D /* NSString+SKAdd.m */; };
		36E0D6041F9253D200AF933D /* NSTimer+SKAdd.m in Sources */ = {isa = PBXBuildFile; fileRef = 36E0D5521F9253D200AF933D /* NSTimer+SKAdd.m */; };
		36E0D6051F9253D200AF933D /* UIApplication+SKAdd.m in Sources */ = {isa = PBXBuildFile; fileRef = 36E0D5561F9253D200AF933D /* UIApplication+SKAdd.m */; };
		36E0D6061F9253D200AF933D /* UIColor+SKAdd.m in Sources */ = {isa = PBXBuildFile; fileRef = 36E0D5581F9253D200AF933D /* UIColor+SKAdd.m */; };
		36E0D6071F9253D200AF933D /* UIControl+SKAdd.m in Sources */ = {isa = PBXBuildFile; fileRef = 36E0D55A1F9253D200AF933D /* UIControl+SKAdd.m */; };
		36E0D6081F9253D200AF933D /* UIDevice+SKAdd.m in Sources */ = {isa = PBXBuildFile; fileRef = 36E0D55C1F9253D200AF933D /* UIDevice+SKAdd.m */; };
		36E0D6091F9253D200AF933D /* UIImage+SKAdd.m in Sources */ = {isa = PBXBuildFile; fileRef = 36E0D55E1F9253D200AF933D /* UIImage+SKAdd.m */; };
		36E0D60A1F9253D200AF933D /* UIImageView+SKAdd.m in Sources */ = {isa = PBXBuildFile; fileRef = 36E0D5601F9253D200AF933D /* UIImageView+SKAdd.m */; };
		36E0D60B1F9253D200AF933D /* UITextField+IndexPath.m in Sources */ = {isa = PBXBuildFile; fileRef = 36E0D5621F9253D200AF933D /* UITextField+IndexPath.m */; };
		36E0D60C1F9253D200AF933D /* UIView+SKAdd.m in Sources */ = {isa = PBXBuildFile; fileRef = 36E0D5641F9253D200AF933D /* UIView+SKAdd.m */; };
		36E0D60D1F9253D200AF933D /* SKHelper.m in Sources */ = {isa = PBXBuildFile; fileRef = 36E0D5671F9253D200AF933D /* SKHelper.m */; };
		36E0D60E1F9253D200AF933D /* NSArray+Safe.m in Sources */ = {isa = PBXBuildFile; fileRef = 36E0D56B1F9253D200AF933D /* NSArray+Safe.m */; };
		36E0D60F1F9253D200AF933D /* NSMutableArray+Safe.m in Sources */ = {isa = PBXBuildFile; fileRef = 36E0D56D1F9253D200AF933D /* NSMutableArray+Safe.m */; };
		36E0D6101F9253D200AF933D /* NSMutableDictionary+Safe.m in Sources */ = {isa = PBXBuildFile; fileRef = 36E0D56F1F9253D200AF933D /* NSMutableDictionary+Safe.m */; };
		36E0D6111F9253D200AF933D /* NSMutableString+Safe.m in Sources */ = {isa = PBXBuildFile; fileRef = 36E0D5711F9253D200AF933D /* NSMutableString+Safe.m */; };
		36E0D6121F9253D200AF933D /* NSString+Safe.m in Sources */ = {isa = PBXBuildFile; fileRef = 36E0D5731F9253D200AF933D /* NSString+Safe.m */; };
		36E0D6131F9253D200AF933D /* Chameleon_.m in Sources */ = {isa = PBXBuildFile; fileRef = 36E0D5781F9253D200AF933D /* Chameleon_.m */; };
		36E0D6141F9253D200AF933D /* ChameleonConstants.m in Sources */ = {isa = PBXBuildFile; fileRef = 36E0D57A1F9253D200AF933D /* ChameleonConstants.m */; };
		36E0D6151F9253D200AF933D /* NSArray+Chameleon.m in Sources */ = {isa = PBXBuildFile; fileRef = 36E0D57E1F9253D200AF933D /* NSArray+Chameleon.m */; };
		36E0D6161F9253D200AF933D /* UIAppearance+Swift.m in Sources */ = {isa = PBXBuildFile; fileRef = 36E0D5801F9253D200AF933D /* UIAppearance+Swift.m */; };
		36E0D6171F9253D200AF933D /* UIButton+Chameleon.m in Sources */ = {isa = PBXBuildFile; fileRef = 36E0D5821F9253D200AF933D /* UIButton+Chameleon.m */; };
		36E0D6181F9253D200AF933D /* UIColor+Chameleon.m in Sources */ = {isa = PBXBuildFile; fileRef = 36E0D5841F9253D200AF933D /* UIColor+Chameleon.m */; };
		36E0D6191F9253D200AF933D /* UIColor+ChameleonPrivate.m in Sources */ = {isa = PBXBuildFile; fileRef = 36E0D5861F9253D200AF933D /* UIColor+ChameleonPrivate.m */; };
		36E0D61A1F9253D200AF933D /* UIImage+ChameleonPrivate.m in Sources */ = {isa = PBXBuildFile; fileRef = 36E0D5881F9253D200AF933D /* UIImage+ChameleonPrivate.m */; };
		36E0D61B1F9253D200AF933D /* UILabel+Chameleon.m in Sources */ = {isa = PBXBuildFile; fileRef = 36E0D58A1F9253D200AF933D /* UILabel+Chameleon.m */; };
		36E0D61C1F9253D200AF933D /* UINavigationController+Chameleon.m in Sources */ = {isa = PBXBuildFile; fileRef = 36E0D58C1F9253D200AF933D /* UINavigationController+Chameleon.m */; };
		36E0D61D1F9253D200AF933D /* UIView+ChameleonPrivate.m in Sources */ = {isa = PBXBuildFile; fileRef = 36E0D58E1F9253D200AF933D /* UIView+ChameleonPrivate.m */; };
		36E0D61E1F9253D200AF933D /* UIViewController+Chameleon.m in Sources */ = {isa = PBXBuildFile; fileRef = 36E0D5901F9253D200AF933D /* UIViewController+Chameleon.m */; };
		36E0D61F1F9253D200AF933D /* SKBuildKit.m in Sources */ = {isa = PBXBuildFile; fileRef = 36E0D5941F9253D200AF933D /* SKBuildKit.m */; };
		36E0D6201F9253D200AF933D /* JSContext+LinkBlock.m in Sources */ = {isa = PBXBuildFile; fileRef = 36E0D59A1F9253D200AF933D /* JSContext+LinkBlock.m */; };
		36E0D6211F9253D200AF933D /* JSManagedValue+LinkBlock.m in Sources */ = {isa = PBXBuildFile; fileRef = 36E0D59C1F9253D200AF933D /* JSManagedValue+LinkBlock.m */; };
		36E0D6221F9253D200AF933D /* JSValue+LinkBlock.m in Sources */ = {isa = PBXBuildFile; fileRef = 36E0D59E1F9253D200AF933D /* JSValue+LinkBlock.m */; };
		36E0D6231F9253D200AF933D /* NSArray+LinkBlock.m in Sources */ = {isa = PBXBuildFile; fileRef = 36E0D5A01F9253D200AF933D /* NSArray+LinkBlock.m */; };
		36E0D6241F9253D200AF933D /* NSAttributedString+LinkBlock.m in Sources */ = {isa = PBXBuildFile; fileRef = 36E0D5A21F9253D200AF933D /* NSAttributedString+LinkBlock.m */; };
		36E0D6251F9253D200AF933D /* NSDate+LinkBlock.m in Sources */ = {isa = PBXBuildFile; fileRef = 36E0D5A41F9253D200AF933D /* NSDate+LinkBlock.m */; };
		36E0D6261F9253D200AF933D /* NSDictionary+LinkBlock.m in Sources */ = {isa = PBXBuildFile; fileRef = 36E0D5A61F9253D200AF933D /* NSDictionary+LinkBlock.m */; };
		36E0D6271F9253D200AF933D /* NSError+LinkBlock.m in Sources */ = {isa = PBXBuildFile; fileRef = 36E0D5A81F9253D200AF933D /* NSError+LinkBlock.m */; };
		36E0D6281F9253D200AF933D /* NSMutableArray+LinkBlock.m in Sources */ = {isa = PBXBuildFile; fileRef = 36E0D5AA1F9253D200AF933D /* NSMutableArray+LinkBlock.m */; };
		36E0D6291F9253D200AF933D /* NSMutableAttributedString+LinkBlock.m in Sources */ = {isa = PBXBuildFile; fileRef = 36E0D5AC1F9253D200AF933D /* NSMutableAttributedString+LinkBlock.m */; };
		36E0D62A1F9253D200AF933D /* NSMutableDictionary+LinkBlock.m in Sources */ = {isa = PBXBuildFile; fileRef = 36E0D5AE1F9253D200AF933D /* NSMutableDictionary+LinkBlock.m */; };
		36E0D62B1F9253D200AF933D /* NSMutableString+LinkBlock.m in Sources */ = {isa = PBXBuildFile; fileRef = 36E0D5B01F9253D200AF933D /* NSMutableString+LinkBlock.m */; };
		36E0D62C1F9253D200AF933D /* NSNumber+LinkBlock.m in Sources */ = {isa = PBXBuildFile; fileRef = 36E0D5B21F9253D200AF933D /* NSNumber+LinkBlock.m */; };
		36E0D62D1F9253D200AF933D /* NSObject+LinkBlock.m in Sources */ = {isa = PBXBuildFile; fileRef = 36E0D5B41F9253D200AF933D /* NSObject+LinkBlock.m */; };
		36E0D62E1F9253D200AF933D /* NSString+LinkBlock.m in Sources */ = {isa = PBXBuildFile; fileRef = 36E0D5B61F9253D200AF933D /* NSString+LinkBlock.m */; };
		36E0D62F1F9253D200AF933D /* NSURL+LinkBlock.m in Sources */ = {isa = PBXBuildFile; fileRef = 36E0D5B81F9253D200AF933D /* NSURL+LinkBlock.m */; };
		36E0D6301F9253D200AF933D /* NSValue+LinkBlock.m in Sources */ = {isa = PBXBuildFile; fileRef = 36E0D5BA1F9253D200AF933D /* NSValue+LinkBlock.m */; };
		36E0D6311F9253D200AF933D /* Others+LinkBlock.m in Sources */ = {isa = PBXBuildFile; fileRef = 36E0D5BC1F9253D200AF933D /* Others+LinkBlock.m */; };
		36E0D6321F9253D200AF933D /* LinkError.m in Sources */ = {isa = PBXBuildFile; fileRef = 36E0D5C11F9253D200AF933D /* LinkError.m */; };
		36E0D6331F9253D200AF933D /* LinkGroup.m in Sources */ = {isa = PBXBuildFile; fileRef = 36E0D5C31F9253D200AF933D /* LinkGroup.m */; };
		36E0D6341F9253D200AF933D /* LinkInfo.m in Sources */ = {isa = PBXBuildFile; fileRef = 36E0D5C51F9253D200AF933D /* LinkInfo.m */; };
		36E0D6351F9253D200AF933D /* LinkReturn.m in Sources */ = {isa = PBXBuildFile; fileRef = 36E0D5C71F9253D200AF933D /* LinkReturn.m */; };
		36E0D6361F9253D200AF933D /* CAAnimations+LinkBlock.m in Sources */ = {isa = PBXBuildFile; fileRef = 36E0D5CA1F9253D200AF933D /* CAAnimations+LinkBlock.m */; };
		36E0D6371F9253D200AF933D /* CALayer+LinkBlock.m in Sources */ = {isa = PBXBuildFile; fileRef = 36E0D5CC1F9253D200AF933D /* CALayer+LinkBlock.m */; };
		36E0D6381F9253D200AF933D /* CAShapeLayer+LinkBlock.m in Sources */ = {isa = PBXBuildFile; fileRef = 36E0D5CE1F9253D200AF933D /* CAShapeLayer+LinkBlock.m */; };
		36E0D6391F9253D200AF933D /* UIBezierPath+LinkBlock.m in Sources */ = {isa = PBXBuildFile; fileRef = 36E0D5D01F9253D200AF933D /* UIBezierPath+LinkBlock.m */; };
		36E0D63A1F9253D200AF933D /* UIButton+LinkBlock.m in Sources */ = {isa = PBXBuildFile; fileRef = 36E0D5D21F9253D200AF933D /* UIButton+LinkBlock.m */; };
		36E0D63B1F9253D200AF933D /* UIColor+LinkBlock.m in Sources */ = {isa = PBXBuildFile; fileRef = 36E0D5D41F9253D200AF933D /* UIColor+LinkBlock.m */; };
		36E0D63C1F9253D200AF933D /* UIControl+LinkBlock.m in Sources */ = {isa = PBXBuildFile; fileRef = 36E0D5D61F9253D200AF933D /* UIControl+LinkBlock.m */; };
		36E0D63D1F9253D200AF933D /* UIImage+LinkBlock.m in Sources */ = {isa = PBXBuildFile; fileRef = 36E0D5D81F9253D200AF933D /* UIImage+LinkBlock.m */; };
		36E0D63E1F9253D200AF933D /* UIImageView+LinkBlock.m in Sources */ = {isa = PBXBuildFile; fileRef = 36E0D5DA1F9253D200AF933D /* UIImageView+LinkBlock.m */; };
		36E0D63F1F9253D200AF933D /* UILabel+LinkBlock.m in Sources */ = {isa = PBXBuildFile; fileRef = 36E0D5DC1F9253D200AF933D /* UILabel+LinkBlock.m */; };
		36E0D6401F9253D200AF933D /* UIScrollView+LinkBlock.m in Sources */ = {isa = PBXBuildFile; fileRef = 36E0D5DE1F9253D200AF933D /* UIScrollView+LinkBlock.m */; };
		36E0D6411F9253D200AF933D /* UISearchBar+LinkBlock.m in Sources */ = {isa = PBXBuildFile; fileRef = 36E0D5E01F9253D200AF933D /* UISearchBar+LinkBlock.m */; };
		36E0D6421F9253D200AF933D /* UITableView+LinkBlock.m in Sources */ = {isa = PBXBuildFile; fileRef = 36E0D5E21F9253D200AF933D /* UITableView+LinkBlock.m */; };
		36E0D6431F9253D200AF933D /* UITextField+LinkBlock.m in Sources */ = {isa = PBXBuildFile; fileRef = 36E0D5E41F9253D200AF933D /* UITextField+LinkBlock.m */; };
		36E0D6441F9253D200AF933D /* UITextView+LinkBlock.m in Sources */ = {isa = PBXBuildFile; fileRef = 36E0D5E61F9253D200AF933D /* UITextView+LinkBlock.m */; };
		36E0D6451F9253D200AF933D /* UIView+LinkBlock.m in Sources */ = {isa = PBXBuildFile; fileRef = 36E0D5E81F9253D200AF933D /* UIView+LinkBlock.m */; };
		36E0D6461F9253D200AF933D /* UIViewController+LinkBlock.m in Sources */ = {isa = PBXBuildFile; fileRef = 36E0D5EA1F9253D200AF933D /* UIViewController+LinkBlock.m */; };
		36E0D6471F9253D200AF933D /* UIWebView+LinkBlock.m in Sources */ = {isa = PBXBuildFile; fileRef = 36E0D5EC1F9253D200AF933D /* UIWebView+LinkBlock.m */; };
		36E0D64A1F9253D200AF933D /* UINavigationBar+Awesome.m in Sources */ = {isa = PBXBuildFile; fileRef = 36E0D5F41F9253D200AF933D /* UINavigationBar+Awesome.m */; };
		36E0D64B1F9253D200AF933D /* UIViewController+SKNavAdd.m in Sources */ = {isa = PBXBuildFile; fileRef = 36E0D5F61F9253D200AF933D /* UIViewController+SKNavAdd.m */; };
		36FE8A2A1EE97A4B00E733B8 /* SKToolsDemoTests.m in Sources */ = {isa = PBXBuildFile; fileRef = 36FE8A291EE97A4B00E733B8 /* SKToolsDemoTests.m */; };
		36FE8A351EE97A4B00E733B8 /* SKToolsDemoUITests.m in Sources */ = {isa = PBXBuildFile; fileRef = 36FE8A341EE97A4B00E733B8 /* SKToolsDemoUITests.m */; };
/* End PBXBuildFile section */

/* Begin PBXContainerItemProxy section */
		36FE8A261EE97A4B00E733B8 /* PBXContainerItemProxy */ = {
			isa = PBXContainerItemProxy;
			containerPortal = 36FE8A041EE97A4B00E733B8 /* Project object */;
			proxyType = 1;
			remoteGlobalIDString = 36FE8A0B1EE97A4B00E733B8;
			remoteInfo = SKToolsDemo;
		};
		36FE8A311EE97A4B00E733B8 /* PBXContainerItemProxy */ = {
			isa = PBXContainerItemProxy;
			containerPortal = 36FE8A041EE97A4B00E733B8 /* Project object */;
			proxyType = 1;
			remoteGlobalIDString = 36FE8A0B1EE97A4B00E733B8;
			remoteInfo = SKToolsDemo;
		};
/* End PBXContainerItemProxy section */

/* Begin PBXFileReference section */
		364D1CF51EFA59E800AC2595 /* AppDelegate.h */ = {isa = PBXFileReference; fileEncoding = 4; lastKnownFileType = sourcecode.c.h; path = AppDelegate.h; sourceTree = "<group>"; };
		364D1CF61EFA59E800AC2595 /* AppDelegate.m */ = {isa = PBXFileReference; fileEncoding = 4; lastKnownFileType = sourcecode.c.objc; path = AppDelegate.m; sourceTree = "<group>"; };
		364D1CF71EFA59E800AC2595 /* Assets.xcassets */ = {isa = PBXFileReference; lastKnownFileType = folder.assetcatalog; path = Assets.xcassets; sourceTree = "<group>"; };
		364D1CF91EFA59E800AC2595 /* Base */ = {isa = PBXFileReference; lastKnownFileType = file.storyboard; name = Base; path = Base.lproj/LaunchScreen.storyboard; sourceTree = "<group>"; };
		364D1CFB1EFA59E800AC2595 /* Base */ = {isa = PBXFileReference; lastKnownFileType = file.storyboard; name = Base; path = Base.lproj/Main.storyboard; sourceTree = "<group>"; };
		364D1CFC1EFA59E800AC2595 /* desktop.png */ = {isa = PBXFileReference; lastKnownFileType = image.png; path = desktop.png; sourceTree = "<group>"; };
		364D1CFD1EFA59E800AC2595 /* Info.plist */ = {isa = PBXFileReference; fileEncoding = 4; lastKnownFileType = text.plist.xml; path = Info.plist; sourceTree = "<group>"; };
		364D1CFE1EFA59E800AC2595 /* main.m */ = {isa = PBXFileReference; fileEncoding = 4; lastKnownFileType = sourcecode.c.objc; path = main.m; sourceTree = "<group>"; };
		364D1D391EFA59E800AC2595 /* ViewController.h */ = {isa = PBXFileReference; fileEncoding = 4; lastKnownFileType = sourcecode.c.h; path = ViewController.h; sourceTree = "<group>"; };
		364D1D3A1EFA59E800AC2595 /* ViewController.m */ = {isa = PBXFileReference; fileEncoding = 4; lastKnownFileType = sourcecode.c.objc; path = ViewController.m; sourceTree = "<group>"; };
		36E0D5281F9253D100AF933D /* NetworkLib.h */ = {isa = PBXFileReference; fileEncoding = 4; lastKnownFileType = sourcecode.c.h; path = NetworkLib.h; sourceTree = "<group>"; };
		36E0D5291F9253D100AF933D /* NetworkLib.m */ = {isa = PBXFileReference; fileEncoding = 4; lastKnownFileType = sourcecode.c.objc; path = NetworkLib.m; sourceTree = "<group>"; };
		36E0D52D1F9253D100AF933D /* BaseRefreshTableViewController.h */ = {isa = PBXFileReference; fileEncoding = 4; lastKnownFileType = sourcecode.c.h; path = BaseRefreshTableViewController.h; sourceTree = "<group>"; };
		36E0D52E1F9253D100AF933D /* BaseRefreshTableViewController.m */ = {isa = PBXFileReference; fileEncoding = 4; lastKnownFileType = sourcecode.c.objc; path = BaseRefreshTableViewController.m; sourceTree = "<group>"; };
		36E0D5301F9253D100AF933D /* BaseViewController.h */ = {isa = PBXFileReference; fileEncoding = 4; lastKnownFileType = sourcecode.c.h; path = BaseViewController.h; sourceTree = "<group>"; };
		36E0D5311F9253D100AF933D /* BaseViewController.m */ = {isa = PBXFileReference; fileEncoding = 4; lastKnownFileType = sourcecode.c.objc; path = BaseViewController.m; sourceTree = "<group>"; };
		36E0D5331F9253D100AF933D /* BaseWebViewController.h */ = {isa = PBXFileReference; fileEncoding = 4; lastKnownFileType = sourcecode.c.h; path = BaseWebViewController.h; sourceTree = "<group>"; };
		36E0D5341F9253D100AF933D /* BaseWebViewController.m */ = {isa = PBXFileReference; fileEncoding = 4; lastKnownFileType = sourcecode.c.objc; path = BaseWebViewController.m; sourceTree = "<group>"; };
		36E0D5361F9253D100AF933D /* TemplateActionProtocol.h */ = {isa = PBXFileReference; fileEncoding = 4; lastKnownFileType = sourcecode.c.h; path = TemplateActionProtocol.h; sourceTree = "<group>"; };
		36E0D5371F9253D100AF933D /* TemplateCellProtocol.h */ = {isa = PBXFileReference; fileEncoding = 4; lastKnownFileType = sourcecode.c.h; path = TemplateCellProtocol.h; sourceTree = "<group>"; };
		36E0D5381F9253D100AF933D /* TemplateRenderProtocol.h */ = {isa = PBXFileReference; fileEncoding = 4; lastKnownFileType = sourcecode.c.h; path = TemplateRenderProtocol.h; sourceTree = "<group>"; };
		36E0D5391F9253D100AF933D /* TemplateSorbRenderProtocol.h */ = {isa = PBXFileReference; fileEncoding = 4; lastKnownFileType = sourcecode.c.h; path = TemplateSorbRenderProtocol.h; sourceTree = "<group>"; };
		36E0D53A1F9253D100AF933D /* TemplateValidationProtocol.h */ = {isa = PBXFileReference; fileEncoding = 4; lastKnownFileType = sourcecode.c.h; path = TemplateValidationProtocol.h; sourceTree = "<group>"; };
		36E0D53E1F9253D200AF933D /* CALayer+SKAdd.h */ = {isa = PBXFileReference; fileEncoding = 4; lastKnownFileType = sourcecode.c.h; path = "CALayer+SKAdd.h"; sourceTree = "<group>"; };
		36E0D53F1F9253D200AF933D /* CALayer+SKAdd.m */ = {isa = PBXFileReference; fileEncoding = 4; lastKnownFileType = sourcecode.c.objc; path = "CALayer+SKAdd.m"; sourceTree = "<group>"; };
		36E0D5401F9253D200AF933D /* SKCGUtilities.h */ = {isa = PBXFileReference; fileEncoding = 4; lastKnownFileType = sourcecode.c.h; path = SKCGUtilities.h; sourceTree = "<group>"; };
		36E0D5411F9253D200AF933D /* SKCGUtilities.m */ = {isa = PBXFileReference; fileEncoding = 4; lastKnownFileType = sourcecode.c.objc; path = SKCGUtilities.m; sourceTree = "<group>"; };
		36E0D5431F9253D200AF933D /* NSData+SKAdd.h */ = {isa = PBXFileReference; fileEncoding = 4; lastKnownFileType = sourcecode.c.h; path = "NSData+SKAdd.h"; sourceTree = "<group>"; };
		36E0D5441F9253D200AF933D /* NSData+SKAdd.m */ = {isa = PBXFileReference; fileEncoding = 4; lastKnownFileType = sourcecode.c.objc; path = "NSData+SKAdd.m"; sourceTree = "<group>"; };
		36E0D5451F9253D200AF933D /* NSDate+SKAdd.h */ = {isa = PBXFileReference; fileEncoding = 4; lastKnownFileType = sourcecode.c.h; path = "NSDate+SKAdd.h"; sourceTree = "<group>"; };
		36E0D5461F9253D200AF933D /* NSDate+SKAdd.m */ = {isa = PBXFileReference; fileEncoding = 4; lastKnownFileType = sourcecode.c.objc; path = "NSDate+SKAdd.m"; sourceTree = "<group>"; };
		36E0D5471F9253D200AF933D /* NSMutableDictionary+SKAdd.h */ = {isa = PBXFileReference; fileEncoding = 4; lastKnownFileType = sourcecode.c.h; path = "NSMutableDictionary+SKAdd.h"; sourceTree = "<group>"; };
		36E0D5481F9253D200AF933D /* NSMutableDictionary+SKAdd.m */ = {isa = PBXFileReference; fileEncoding = 4; lastKnownFileType = sourcecode.c.objc; path = "NSMutableDictionary+SKAdd.m"; sourceTree = "<group>"; };
		36E0D5491F9253D200AF933D /* NSNumber+SKAdd.h */ = {isa = PBXFileReference; fileEncoding = 4; lastKnownFileType = sourcecode.c.h; path = "NSNumber+SKAdd.h"; sourceTree = "<group>"; };
		36E0D54A1F9253D200AF933D /* NSNumber+SKAdd.m */ = {isa = PBXFileReference; fileEncoding = 4; lastKnownFileType = sourcecode.c.objc; path = "NSNumber+SKAdd.m"; sourceTree = "<group>"; };
		36E0D54B1F9253D200AF933D /* NSObject+SKAdd.h */ = {isa = PBXFileReference; fileEncoding = 4; lastKnownFileType = sourcecode.c.h; path = "NSObject+SKAdd.h"; sourceTree = "<group>"; };
		36E0D54C1F9253D200AF933D /* NSObject+SKAdd.m */ = {isa = PBXFileReference; fileEncoding = 4; lastKnownFileType = sourcecode.c.objc; path = "NSObject+SKAdd.m"; sourceTree = "<group>"; };
		36E0D54D1F9253D200AF933D /* NSObject+SKAddForKVO.h */ = {isa = PBXFileReference; fileEncoding = 4; lastKnownFileType = sourcecode.c.h; path = "NSObject+SKAddForKVO.h"; sourceTree = "<group>"; };
		36E0D54E1F9253D200AF933D /* NSObject+SKAddForKVO.m */ = {isa = PBXFileReference; fileEncoding = 4; lastKnownFileType = sourcecode.c.objc; path = "NSObject+SKAddForKVO.m"; sourceTree = "<group>"; };
		36E0D54F1F9253D200AF933D /* NSString+SKAdd.h */ = {isa = PBXFileReference; fileEncoding = 4; lastKnownFileType = sourcecode.c.h; path = "NSString+SKAdd.h"; sourceTree = "<group>"; };
		36E0D5501F9253D200AF933D /* NSString+SKAdd.m */ = {isa = PBXFileReference; fileEncoding = 4; lastKnownFileType = sourcecode.c.objc; path = "NSString+SKAdd.m"; sourceTree = "<group>"; };
		36E0D5511F9253D200AF933D /* NSTimer+SKAdd.h */ = {isa = PBXFileReference; fileEncoding = 4; lastKnownFileType = sourcecode.c.h; path = "NSTimer+SKAdd.h"; sourceTree = "<group>"; };
		36E0D5521F9253D200AF933D /* NSTimer+SKAdd.m */ = {isa = PBXFileReference; fileEncoding = 4; lastKnownFileType = sourcecode.c.objc; path = "NSTimer+SKAdd.m"; sourceTree = "<group>"; };
		36E0D5531F9253D200AF933D /* SKKitMacro.h */ = {isa = PBXFileReference; fileEncoding = 4; lastKnownFileType = sourcecode.c.h; path = SKKitMacro.h; sourceTree = "<group>"; };
		36E0D5551F9253D200AF933D /* UIApplication+SKAdd.h */ = {isa = PBXFileReference; fileEncoding = 4; lastKnownFileType = sourcecode.c.h; path = "UIApplication+SKAdd.h"; sourceTree = "<group>"; };
		36E0D5561F9253D200AF933D /* UIApplication+SKAdd.m */ = {isa = PBXFileReference; fileEncoding = 4; lastKnownFileType = sourcecode.c.objc; path = "UIApplication+SKAdd.m"; sourceTree = "<group>"; };
		36E0D5571F9253D200AF933D /* UIColor+SKAdd.h */ = {isa = PBXFileReference; fileEncoding = 4; lastKnownFileType = sourcecode.c.h; path = "UIColor+SKAdd.h"; sourceTree = "<group>"; };
		36E0D5581F9253D200AF933D /* UIColor+SKAdd.m */ = {isa = PBXFileReference; fileEncoding = 4; lastKnownFileType = sourcecode.c.objc; path = "UIColor+SKAdd.m"; sourceTree = "<group>"; };
		36E0D5591F9253D200AF933D /* UIControl+SKAdd.h */ = {isa = PBXFileReference; fileEncoding = 4; lastKnownFileType = sourcecode.c.h; path = "UIControl+SKAdd.h"; sourceTree = "<group>"; };
		36E0D55A1F9253D200AF933D /* UIControl+SKAdd.m */ = {isa = PBXFileReference; fileEncoding = 4; lastKnownFileType = sourcecode.c.objc; path = "UIControl+SKAdd.m"; sourceTree = "<group>"; };
		36E0D55B1F9253D200AF933D /* UIDevice+SKAdd.h */ = {isa = PBXFileReference; fileEncoding = 4; lastKnownFileType = sourcecode.c.h; path = "UIDevice+SKAdd.h"; sourceTree = "<group>"; };
		36E0D55C1F9253D200AF933D /* UIDevice+SKAdd.m */ = {isa = PBXFileReference; fileEncoding = 4; lastKnownFileType = sourcecode.c.objc; path = "UIDevice+SKAdd.m"; sourceTree = "<group>"; };
		36E0D55D1F9253D200AF933D /* UIImage+SKAdd.h */ = {isa = PBXFileReference; fileEncoding = 4; lastKnownFileType = sourcecode.c.h; path = "UIImage+SKAdd.h"; sourceTree = "<group>"; };
		36E0D55E1F9253D200AF933D /* UIImage+SKAdd.m */ = {isa = PBXFileReference; fileEncoding = 4; lastKnownFileType = sourcecode.c.objc; path = "UIImage+SKAdd.m"; sourceTree = "<group>"; };
		36E0D55F1F9253D200AF933D /* UIImageView+SKAdd.h */ = {isa = PBXFileReference; fileEncoding = 4; lastKnownFileType = sourcecode.c.h; path = "UIImageView+SKAdd.h"; sourceTree = "<group>"; };
		36E0D5601F9253D200AF933D /* UIImageView+SKAdd.m */ = {isa = PBXFileReference; fileEncoding = 4; lastKnownFileType = sourcecode.c.objc; path = "UIImageView+SKAdd.m"; sourceTree = "<group>"; };
		36E0D5611F9253D200AF933D /* UITextField+IndexPath.h */ = {isa = PBXFileReference; fileEncoding = 4; lastKnownFileType = sourcecode.c.h; path = "UITextField+IndexPath.h"; sourceTree = "<group>"; };
		36E0D5621F9253D200AF933D /* UITextField+IndexPath.m */ = {isa = PBXFileReference; fileEncoding = 4; lastKnownFileType = sourcecode.c.objc; path = "UITextField+IndexPath.m"; sourceTree = "<group>"; };
		36E0D5631F9253D200AF933D /* UIView+SKAdd.h */ = {isa = PBXFileReference; fileEncoding = 4; lastKnownFileType = sourcecode.c.h; path = "UIView+SKAdd.h"; sourceTree = "<group>"; };
		36E0D5641F9253D200AF933D /* UIView+SKAdd.m */ = {isa = PBXFileReference; fileEncoding = 4; lastKnownFileType = sourcecode.c.objc; path = "UIView+SKAdd.m"; sourceTree = "<group>"; };
		36E0D5661F9253D200AF933D /* SKHelper.h */ = {isa = PBXFileReference; fileEncoding = 4; lastKnownFileType = sourcecode.c.h; path = SKHelper.h; sourceTree = "<group>"; };
		36E0D5671F9253D200AF933D /* SKHelper.m */ = {isa = PBXFileReference; fileEncoding = 4; lastKnownFileType = sourcecode.c.objc; path = SKHelper.m; sourceTree = "<group>"; };
		36E0D5681F9253D200AF933D /* SKKit.h */ = {isa = PBXFileReference; fileEncoding = 4; lastKnownFileType = sourcecode.c.h; path = SKKit.h; sourceTree = "<group>"; };
		36E0D56A1F9253D200AF933D /* NSArray+Safe.h */ = {isa = PBXFileReference; fileEncoding = 4; lastKnownFileType = sourcecode.c.h; path = "NSArray+Safe.h"; sourceTree = "<group>"; };
		36E0D56B1F9253D200AF933D /* NSArray+Safe.m */ = {isa = PBXFileReference; fileEncoding = 4; lastKnownFileType = sourcecode.c.objc; path = "NSArray+Safe.m"; sourceTree = "<group>"; };
		36E0D56C1F9253D200AF933D /* NSMutableArray+Safe.h */ = {isa = PBXFileReference; fileEncoding = 4; lastKnownFileType = sourcecode.c.h; path = "NSMutableArray+Safe.h"; sourceTree = "<group>"; };
		36E0D56D1F9253D200AF933D /* NSMutableArray+Safe.m */ = {isa = PBXFileReference; fileEncoding = 4; lastKnownFileType = sourcecode.c.objc; path = "NSMutableArray+Safe.m"; sourceTree = "<group>"; };
		36E0D56E1F9253D200AF933D /* NSMutableDictionary+Safe.h */ = {isa = PBXFileReference; fileEncoding = 4; lastKnownFileType = sourcecode.c.h; path = "NSMutableDictionary+Safe.h"; sourceTree = "<group>"; };
		36E0D56F1F9253D200AF933D /* NSMutableDictionary+Safe.m */ = {isa = PBXFileReference; fileEncoding = 4; lastKnownFileType = sourcecode.c.objc; path = "NSMutableDictionary+Safe.m"; sourceTree = "<group>"; };
		36E0D5701F9253D200AF933D /* NSMutableString+Safe.h */ = {isa = PBXFileReference; fileEncoding = 4; lastKnownFileType = sourcecode.c.h; path = "NSMutableString+Safe.h"; sourceTree = "<group>"; };
		36E0D5711F9253D200AF933D /* NSMutableString+Safe.m */ = {isa = PBXFileReference; fileEncoding = 4; lastKnownFileType = sourcecode.c.objc; path = "NSMutableString+Safe.m"; sourceTree = "<group>"; };
		36E0D5721F9253D200AF933D /* NSString+Safe.h */ = {isa = PBXFileReference; fileEncoding = 4; lastKnownFileType = sourcecode.c.h; path = "NSString+Safe.h"; sourceTree = "<group>"; };
		36E0D5731F9253D200AF933D /* NSString+Safe.m */ = {isa = PBXFileReference; fileEncoding = 4; lastKnownFileType = sourcecode.c.objc; path = "NSString+Safe.m"; sourceTree = "<group>"; };
		36E0D5761F9253D200AF933D /* Chameleon.h */ = {isa = PBXFileReference; fileEncoding = 4; lastKnownFileType = sourcecode.c.h; path = Chameleon.h; sourceTree = "<group>"; };
		36E0D5771F9253D200AF933D /* Chameleon_.h */ = {isa = PBXFileReference; fileEncoding = 4; lastKnownFileType = sourcecode.c.h; path = Chameleon_.h; sourceTree = "<group>"; };
		36E0D5781F9253D200AF933D /* Chameleon_.m */ = {isa = PBXFileReference; fileEncoding = 4; lastKnownFileType = sourcecode.c.objc; path = Chameleon_.m; sourceTree = "<group>"; };
		36E0D5791F9253D200AF933D /* ChameleonConstants.h */ = {isa = PBXFileReference; fileEncoding = 4; lastKnownFileType = sourcecode.c.h; path = ChameleonConstants.h; sourceTree = "<group>"; };
		36E0D57A1F9253D200AF933D /* ChameleonConstants.m */ = {isa = PBXFileReference; fileEncoding = 4; lastKnownFileType = sourcecode.c.objc; path = ChameleonConstants.m; sourceTree = "<group>"; };
		36E0D57B1F9253D200AF933D /* ChameleonEnums.h */ = {isa = PBXFileReference; fileEncoding = 4; lastKnownFileType = sourcecode.c.h; path = ChameleonEnums.h; sourceTree = "<group>"; };
		36E0D57C1F9253D200AF933D /* ChameleonMacros.h */ = {isa = PBXFileReference; fileEncoding = 4; lastKnownFileType = sourcecode.c.h; path = ChameleonMacros.h; sourceTree = "<group>"; };
		36E0D57D1F9253D200AF933D /* NSArray+Chameleon.h */ = {isa = PBXFileReference; fileEncoding = 4; lastKnownFileType = sourcecode.c.h; path = "NSArray+Chameleon.h"; sourceTree = "<group>"; };
		36E0D57E1F9253D200AF933D /* NSArray+Chameleon.m */ = {isa = PBXFileReference; fileEncoding = 4; lastKnownFileType = sourcecode.c.objc; path = "NSArray+Chameleon.m"; sourceTree = "<group>"; };
		36E0D57F1F9253D200AF933D /* UIAppearance+Swift.h */ = {isa = PBXFileReference; fileEncoding = 4; lastKnownFileType = sourcecode.c.h; path = "UIAppearance+Swift.h"; sourceTree = "<group>"; };
		36E0D5801F9253D200AF933D /* UIAppearance+Swift.m */ = {isa = PBXFileReference; fileEncoding = 4; lastKnownFileType = sourcecode.c.objc; path = "UIAppearance+Swift.m"; sourceTree = "<group>"; };
		36E0D5811F9253D200AF933D /* UIButton+Chameleon.h */ = {isa = PBXFileReference; fileEncoding = 4; lastKnownFileType = sourcecode.c.h; path = "UIButton+Chameleon.h"; sourceTree = "<group>"; };
		36E0D5821F9253D200AF933D /* UIButton+Chameleon.m */ = {isa = PBXFileReference; fileEncoding = 4; lastKnownFileType = sourcecode.c.objc; path = "UIButton+Chameleon.m"; sourceTree = "<group>"; };
		36E0D5831F9253D200AF933D /* UIColor+Chameleon.h */ = {isa = PBXFileReference; fileEncoding = 4; lastKnownFileType = sourcecode.c.h; path = "UIColor+Chameleon.h"; sourceTree = "<group>"; };
		36E0D5841F9253D200AF933D /* UIColor+Chameleon.m */ = {isa = PBXFileReference; fileEncoding = 4; lastKnownFileType = sourcecode.c.objc; path = "UIColor+Chameleon.m"; sourceTree = "<group>"; };
		36E0D5851F9253D200AF933D /* UIColor+ChameleonPrivate.h */ = {isa = PBXFileReference; fileEncoding = 4; lastKnownFileType = sourcecode.c.h; path = "UIColor+ChameleonPrivate.h"; sourceTree = "<group>"; };
		36E0D5861F9253D200AF933D /* UIColor+ChameleonPrivate.m */ = {isa = PBXFileReference; fileEncoding = 4; lastKnownFileType = sourcecode.c.objc; path = "UIColor+ChameleonPrivate.m"; sourceTree = "<group>"; };
		36E0D5871F9253D200AF933D /* UIImage+ChameleonPrivate.h */ = {isa = PBXFileReference; fileEncoding = 4; lastKnownFileType = sourcecode.c.h; path = "UIImage+ChameleonPrivate.h"; sourceTree = "<group>"; };
		36E0D5881F9253D200AF933D /* UIImage+ChameleonPrivate.m */ = {isa = PBXFileReference; fileEncoding = 4; lastKnownFileType = sourcecode.c.objc; path = "UIImage+ChameleonPrivate.m"; sourceTree = "<group>"; };
		36E0D5891F9253D200AF933D /* UILabel+Chameleon.h */ = {isa = PBXFileReference; fileEncoding = 4; lastKnownFileType = sourcecode.c.h; path = "UILabel+Chameleon.h"; sourceTree = "<group>"; };
		36E0D58A1F9253D200AF933D /* UILabel+Chameleon.m */ = {isa = PBXFileReference; fileEncoding = 4; lastKnownFileType = sourcecode.c.objc; path = "UILabel+Chameleon.m"; sourceTree = "<group>"; };
		36E0D58B1F9253D200AF933D /* UINavigationController+Chameleon.h */ = {isa = PBXFileReference; fileEncoding = 4; lastKnownFileType = sourcecode.c.h; path = "UINavigationController+Chameleon.h"; sourceTree = "<group>"; };
		36E0D58C1F9253D200AF933D /* UINavigationController+Chameleon.m */ = {isa = PBXFileReference; fileEncoding = 4; lastKnownFileType = sourcecode.c.objc; path = "UINavigationController+Chameleon.m"; sourceTree = "<group>"; };
		36E0D58D1F9253D200AF933D /* UIView+ChameleonPrivate.h */ = {isa = PBXFileReference; fileEncoding = 4; lastKnownFileType = sourcecode.c.h; path = "UIView+ChameleonPrivate.h"; sourceTree = "<group>"; };
		36E0D58E1F9253D200AF933D /* UIView+ChameleonPrivate.m */ = {isa = PBXFileReference; fileEncoding = 4; lastKnownFileType = sourcecode.c.objc; path = "UIView+ChameleonPrivate.m"; sourceTree = "<group>"; };
		36E0D58F1F9253D200AF933D /* UIViewController+Chameleon.h */ = {isa = PBXFileReference; fileEncoding = 4; lastKnownFileType = sourcecode.c.h; path = "UIViewController+Chameleon.h"; sourceTree = "<group>"; };
		36E0D5901F9253D200AF933D /* UIViewController+Chameleon.m */ = {isa = PBXFileReference; fileEncoding = 4; lastKnownFileType = sourcecode.c.objc; path = "UIViewController+Chameleon.m"; sourceTree = "<group>"; };
		36E0D5931F9253D200AF933D /* SKBuildKit.h */ = {isa = PBXFileReference; fileEncoding = 4; lastKnownFileType = sourcecode.c.h; path = SKBuildKit.h; sourceTree = "<group>"; };
		36E0D5941F9253D200AF933D /* SKBuildKit.m */ = {isa = PBXFileReference; fileEncoding = 4; lastKnownFileType = sourcecode.c.objc; path = SKBuildKit.m; sourceTree = "<group>"; };
		36E0D5981F9253D200AF933D /* JavaScriptCore+LinkBlock.h */ = {isa = PBXFileReference; fileEncoding = 4; lastKnownFileType = sourcecode.c.h; path = "JavaScriptCore+LinkBlock.h"; sourceTree = "<group>"; };
		36E0D5991F9253D200AF933D /* JSContext+LinkBlock.h */ = {isa = PBXFileReference; fileEncoding = 4; lastKnownFileType = sourcecode.c.h; path = "JSContext+LinkBlock.h"; sourceTree = "<group>"; };
		36E0D59A1F9253D200AF933D /* JSContext+LinkBlock.m */ = {isa = PBXFileReference; fileEncoding = 4; lastKnownFileType = sourcecode.c.objc; path = "JSContext+LinkBlock.m"; sourceTree = "<group>"; };
		36E0D59B1F9253D200AF933D /* JSManagedValue+LinkBlock.h */ = {isa = PBXFileReference; fileEncoding = 4; lastKnownFileType = sourcecode.c.h; path = "JSManagedValue+LinkBlock.h"; sourceTree = "<group>"; };
		36E0D59C1F9253D200AF933D /* JSManagedValue+LinkBlock.m */ = {isa = PBXFileReference; fileEncoding = 4; lastKnownFileType = sourcecode.c.objc; path = "JSManagedValue+LinkBlock.m"; sourceTree = "<group>"; };
		36E0D59D1F9253D200AF933D /* JSValue+LinkBlock.h */ = {isa = PBXFileReference; fileEncoding = 4; lastKnownFileType = sourcecode.c.h; path = "JSValue+LinkBlock.h"; sourceTree = "<group>"; };
		36E0D59E1F9253D200AF933D /* JSValue+LinkBlock.m */ = {isa = PBXFileReference; fileEncoding = 4; lastKnownFileType = sourcecode.c.objc; path = "JSValue+LinkBlock.m"; sourceTree = "<group>"; };
		36E0D59F1F9253D200AF933D /* NSArray+LinkBlock.h */ = {isa = PBXFileReference; fileEncoding = 4; lastKnownFileType = sourcecode.c.h; path = "NSArray+LinkBlock.h"; sourceTree = "<group>"; };
		36E0D5A01F9253D200AF933D /* NSArray+LinkBlock.m */ = {isa = PBXFileReference; fileEncoding = 4; lastKnownFileType = sourcecode.c.objc; path = "NSArray+LinkBlock.m"; sourceTree = "<group>"; };
		36E0D5A11F9253D200AF933D /* NSAttributedString+LinkBlock.h */ = {isa = PBXFileReference; fileEncoding = 4; lastKnownFileType = sourcecode.c.h; path = "NSAttributedString+LinkBlock.h"; sourceTree = "<group>"; };
		36E0D5A21F9253D200AF933D /* NSAttributedString+LinkBlock.m */ = {isa = PBXFileReference; fileEncoding = 4; lastKnownFileType = sourcecode.c.objc; path = "NSAttributedString+LinkBlock.m"; sourceTree = "<group>"; };
		36E0D5A31F9253D200AF933D /* NSDate+LinkBlock.h */ = {isa = PBXFileReference; fileEncoding = 4; lastKnownFileType = sourcecode.c.h; path = "NSDate+LinkBlock.h"; sourceTree = "<group>"; };
		36E0D5A41F9253D200AF933D /* NSDate+LinkBlock.m */ = {isa = PBXFileReference; fileEncoding = 4; lastKnownFileType = sourcecode.c.objc; path = "NSDate+LinkBlock.m"; sourceTree = "<group>"; };
		36E0D5A51F9253D200AF933D /* NSDictionary+LinkBlock.h */ = {isa = PBXFileReference; fileEncoding = 4; lastKnownFileType = sourcecode.c.h; path = "NSDictionary+LinkBlock.h"; sourceTree = "<group>"; };
		36E0D5A61F9253D200AF933D /* NSDictionary+LinkBlock.m */ = {isa = PBXFileReference; fileEncoding = 4; lastKnownFileType = sourcecode.c.objc; path = "NSDictionary+LinkBlock.m"; sourceTree = "<group>"; };
		36E0D5A71F9253D200AF933D /* NSError+LinkBlock.h */ = {isa = PBXFileReference; fileEncoding = 4; lastKnownFileType = sourcecode.c.h; path = "NSError+LinkBlock.h"; sourceTree = "<group>"; };
		36E0D5A81F9253D200AF933D /* NSError+LinkBlock.m */ = {isa = PBXFileReference; fileEncoding = 4; lastKnownFileType = sourcecode.c.objc; path = "NSError+LinkBlock.m"; sourceTree = "<group>"; };
		36E0D5A91F9253D200AF933D /* NSMutableArray+LinkBlock.h */ = {isa = PBXFileReference; fileEncoding = 4; lastKnownFileType = sourcecode.c.h; path = "NSMutableArray+LinkBlock.h"; sourceTree = "<group>"; };
		36E0D5AA1F9253D200AF933D /* NSMutableArray+LinkBlock.m */ = {isa = PBXFileReference; fileEncoding = 4; lastKnownFileType = sourcecode.c.objc; path = "NSMutableArray+LinkBlock.m"; sourceTree = "<group>"; };
		36E0D5AB1F9253D200AF933D /* NSMutableAttributedString+LinkBlock.h */ = {isa = PBXFileReference; fileEncoding = 4; lastKnownFileType = sourcecode.c.h; path = "NSMutableAttributedString+LinkBlock.h"; sourceTree = "<group>"; };
		36E0D5AC1F9253D200AF933D /* NSMutableAttributedString+LinkBlock.m */ = {isa = PBXFileReference; fileEncoding = 4; lastKnownFileType = sourcecode.c.objc; path = "NSMutableAttributedString+LinkBlock.m"; sourceTree = "<group>"; };
		36E0D5AD1F9253D200AF933D /* NSMutableDictionary+LinkBlock.h */ = {isa = PBXFileReference; fileEncoding = 4; lastKnownFileType = sourcecode.c.h; path = "NSMutableDictionary+LinkBlock.h"; sourceTree = "<group>"; };
		36E0D5AE1F9253D200AF933D /* NSMutableDictionary+LinkBlock.m */ = {isa = PBXFileReference; fileEncoding = 4; lastKnownFileType = sourcecode.c.objc; path = "NSMutableDictionary+LinkBlock.m"; sourceTree = "<group>"; };
		36E0D5AF1F9253D200AF933D /* NSMutableString+LinkBlock.h */ = {isa = PBXFileReference; fileEncoding = 4; lastKnownFileType = sourcecode.c.h; path = "NSMutableString+LinkBlock.h"; sourceTree = "<group>"; };
		36E0D5B01F9253D200AF933D /* NSMutableString+LinkBlock.m */ = {isa = PBXFileReference; fileEncoding = 4; lastKnownFileType = sourcecode.c.objc; path = "NSMutableString+LinkBlock.m"; sourceTree = "<group>"; };
		36E0D5B11F9253D200AF933D /* NSNumber+LinkBlock.h */ = {isa = PBXFileReference; fileEncoding = 4; lastKnownFileType = sourcecode.c.h; path = "NSNumber+LinkBlock.h"; sourceTree = "<group>"; };
		36E0D5B21F9253D200AF933D /* NSNumber+LinkBlock.m */ = {isa = PBXFileReference; fileEncoding = 4; lastKnownFileType = sourcecode.c.objc; path = "NSNumber+LinkBlock.m"; sourceTree = "<group>"; };
		36E0D5B31F9253D200AF933D /* NSObject+LinkBlock.h */ = {isa = PBXFileReference; fileEncoding = 4; lastKnownFileType = sourcecode.c.h; path = "NSObject+LinkBlock.h"; sourceTree = "<group>"; };
		36E0D5B41F9253D200AF933D /* NSObject+LinkBlock.m */ = {isa = PBXFileReference; fileEncoding = 4; lastKnownFileType = sourcecode.c.objc; path = "NSObject+LinkBlock.m"; sourceTree = "<group>"; };
		36E0D5B51F9253D200AF933D /* NSString+LinkBlock.h */ = {isa = PBXFileReference; fileEncoding = 4; lastKnownFileType = sourcecode.c.h; path = "NSString+LinkBlock.h"; sourceTree = "<group>"; };
		36E0D5B61F9253D200AF933D /* NSString+LinkBlock.m */ = {isa = PBXFileReference; fileEncoding = 4; lastKnownFileType = sourcecode.c.objc; path = "NSString+LinkBlock.m"; sourceTree = "<group>"; };
		36E0D5B71F9253D200AF933D /* NSURL+LinkBlock.h */ = {isa = PBXFileReference; fileEncoding = 4; lastKnownFileType = sourcecode.c.h; path = "NSURL+LinkBlock.h"; sourceTree = "<group>"; };
		36E0D5B81F9253D200AF933D /* NSURL+LinkBlock.m */ = {isa = PBXFileReference; fileEncoding = 4; lastKnownFileType = sourcecode.c.objc; path = "NSURL+LinkBlock.m"; sourceTree = "<group>"; };
		36E0D5B91F9253D200AF933D /* NSValue+LinkBlock.h */ = {isa = PBXFileReference; fileEncoding = 4; lastKnownFileType = sourcecode.c.h; path = "NSValue+LinkBlock.h"; sourceTree = "<group>"; };
		36E0D5BA1F9253D200AF933D /* NSValue+LinkBlock.m */ = {isa = PBXFileReference; fileEncoding = 4; lastKnownFileType = sourcecode.c.objc; path = "NSValue+LinkBlock.m"; sourceTree = "<group>"; };
		36E0D5BB1F9253D200AF933D /* Others+LinkBlock.h */ = {isa = PBXFileReference; fileEncoding = 4; lastKnownFileType = sourcecode.c.h; path = "Others+LinkBlock.h"; sourceTree = "<group>"; };
		36E0D5BC1F9253D200AF933D /* Others+LinkBlock.m */ = {isa = PBXFileReference; fileEncoding = 4; lastKnownFileType = sourcecode.c.objc; path = "Others+LinkBlock.m"; sourceTree = "<group>"; };
		36E0D5BD1F9253D200AF933D /* LinkBlock.h */ = {isa = PBXFileReference; fileEncoding = 4; lastKnownFileType = sourcecode.c.h; path = LinkBlock.h; sourceTree = "<group>"; };
		36E0D5BF1F9253D200AF933D /* LinkBlockDefine.h */ = {isa = PBXFileReference; fileEncoding = 4; lastKnownFileType = sourcecode.c.h; path = LinkBlockDefine.h; sourceTree = "<group>"; };
		36E0D5C01F9253D200AF933D /* LinkError.h */ = {isa = PBXFileReference; fileEncoding = 4; lastKnownFileType = sourcecode.c.h; path = LinkError.h; sourceTree = "<group>"; };
		36E0D5C11F9253D200AF933D /* LinkError.m */ = {isa = PBXFileReference; fileEncoding = 4; lastKnownFileType = sourcecode.c.objc; path = LinkError.m; sourceTree = "<group>"; };
		36E0D5C21F9253D200AF933D /* LinkGroup.h */ = {isa = PBXFileReference; fileEncoding = 4; lastKnownFileType = sourcecode.c.h; path = LinkGroup.h; sourceTree = "<group>"; };
		36E0D5C31F9253D200AF933D /* LinkGroup.m */ = {isa = PBXFileReference; fileEncoding = 4; lastKnownFileType = sourcecode.c.objc; path = LinkGroup.m; sourceTree = "<group>"; };
		36E0D5C41F9253D200AF933D /* LinkInfo.h */ = {isa = PBXFileReference; fileEncoding = 4; lastKnownFileType = sourcecode.c.h; path = LinkInfo.h; sourceTree = "<group>"; };
		36E0D5C51F9253D200AF933D /* LinkInfo.m */ = {isa = PBXFileReference; fileEncoding = 4; lastKnownFileType = sourcecode.c.objc; path = LinkInfo.m; sourceTree = "<group>"; };
		36E0D5C61F9253D200AF933D /* LinkReturn.h */ = {isa = PBXFileReference; fileEncoding = 4; lastKnownFileType = sourcecode.c.h; path = LinkReturn.h; sourceTree = "<group>"; };
		36E0D5C71F9253D200AF933D /* LinkReturn.m */ = {isa = PBXFileReference; fileEncoding = 4; lastKnownFileType = sourcecode.c.objc; path = LinkReturn.m; sourceTree = "<group>"; };
		36E0D5C91F9253D200AF933D /* CAAnimations+LinkBlock.h */ = {isa = PBXFileReference; fileEncoding = 4; lastKnownFileType = sourcecode.c.h; path = "CAAnimations+LinkBlock.h"; sourceTree = "<group>"; };
		36E0D5CA1F9253D200AF933D /* CAAnimations+LinkBlock.m */ = {isa = PBXFileReference; fileEncoding = 4; lastKnownFileType = sourcecode.c.objc; path = "CAAnimations+LinkBlock.m"; sourceTree = "<group>"; };
		36E0D5CB1F9253D200AF933D /* CALayer+LinkBlock.h */ = {isa = PBXFileReference; fileEncoding = 4; lastKnownFileType = sourcecode.c.h; path = "CALayer+LinkBlock.h"; sourceTree = "<group>"; };
		36E0D5CC1F9253D200AF933D /* CALayer+LinkBlock.m */ = {isa = PBXFileReference; fileEncoding = 4; lastKnownFileType = sourcecode.c.objc; path = "CALayer+LinkBlock.m"; sourceTree = "<group>"; };
		36E0D5CD1F9253D200AF933D /* CAShapeLayer+LinkBlock.h */ = {isa = PBXFileReference; fileEncoding = 4; lastKnownFileType = sourcecode.c.h; path = "CAShapeLayer+LinkBlock.h"; sourceTree = "<group>"; };
		36E0D5CE1F9253D200AF933D /* CAShapeLayer+LinkBlock.m */ = {isa = PBXFileReference; fileEncoding = 4; lastKnownFileType = sourcecode.c.objc; path = "CAShapeLayer+LinkBlock.m"; sourceTree = "<group>"; };
		36E0D5CF1F9253D200AF933D /* UIBezierPath+LinkBlock.h */ = {isa = PBXFileReference; fileEncoding = 4; lastKnownFileType = sourcecode.c.h; path = "UIBezierPath+LinkBlock.h"; sourceTree = "<group>"; };
		36E0D5D01F9253D200AF933D /* UIBezierPath+LinkBlock.m */ = {isa = PBXFileReference; fileEncoding = 4; lastKnownFileType = sourcecode.c.objc; path = "UIBezierPath+LinkBlock.m"; sourceTree = "<group>"; };
		36E0D5D11F9253D200AF933D /* UIButton+LinkBlock.h */ = {isa = PBXFileReference; fileEncoding = 4; lastKnownFileType = sourcecode.c.h; path = "UIButton+LinkBlock.h"; sourceTree = "<group>"; };
		36E0D5D21F9253D200AF933D /* UIButton+LinkBlock.m */ = {isa = PBXFileReference; fileEncoding = 4; lastKnownFileType = sourcecode.c.objc; path = "UIButton+LinkBlock.m"; sourceTree = "<group>"; };
		36E0D5D31F9253D200AF933D /* UIColor+LinkBlock.h */ = {isa = PBXFileReference; fileEncoding = 4; lastKnownFileType = sourcecode.c.h; path = "UIColor+LinkBlock.h"; sourceTree = "<group>"; };
		36E0D5D41F9253D200AF933D /* UIColor+LinkBlock.m */ = {isa = PBXFileReference; fileEncoding = 4; lastKnownFileType = sourcecode.c.objc; path = "UIColor+LinkBlock.m"; sourceTree = "<group>"; };
		36E0D5D51F9253D200AF933D /* UIControl+LinkBlock.h */ = {isa = PBXFileReference; fileEncoding = 4; lastKnownFileType = sourcecode.c.h; path = "UIControl+LinkBlock.h"; sourceTree = "<group>"; };
		36E0D5D61F9253D200AF933D /* UIControl+LinkBlock.m */ = {isa = PBXFileReference; fileEncoding = 4; lastKnownFileType = sourcecode.c.objc; path = "UIControl+LinkBlock.m"; sourceTree = "<group>"; };
		36E0D5D71F9253D200AF933D /* UIImage+LinkBlock.h */ = {isa = PBXFileReference; fileEncoding = 4; lastKnownFileType = sourcecode.c.h; path = "UIImage+LinkBlock.h"; sourceTree = "<group>"; };
		36E0D5D81F9253D200AF933D /* UIImage+LinkBlock.m */ = {isa = PBXFileReference; fileEncoding = 4; lastKnownFileType = sourcecode.c.objc; path = "UIImage+LinkBlock.m"; sourceTree = "<group>"; };
		36E0D5D91F9253D200AF933D /* UIImageView+LinkBlock.h */ = {isa = PBXFileReference; fileEncoding = 4; lastKnownFileType = sourcecode.c.h; path = "UIImageView+LinkBlock.h"; sourceTree = "<group>"; };
		36E0D5DA1F9253D200AF933D /* UIImageView+LinkBlock.m */ = {isa = PBXFileReference; fileEncoding = 4; lastKnownFileType = sourcecode.c.objc; path = "UIImageView+LinkBlock.m"; sourceTree = "<group>"; };
		36E0D5DB1F9253D200AF933D /* UILabel+LinkBlock.h */ = {isa = PBXFileReference; fileEncoding = 4; lastKnownFileType = sourcecode.c.h; path = "UILabel+LinkBlock.h"; sourceTree = "<group>"; };
		36E0D5DC1F9253D200AF933D /* UILabel+LinkBlock.m */ = {isa = PBXFileReference; fileEncoding = 4; lastKnownFileType = sourcecode.c.objc; path = "UILabel+LinkBlock.m"; sourceTree = "<group>"; };
		36E0D5DD1F9253D200AF933D /* UIScrollView+LinkBlock.h */ = {isa = PBXFileReference; fileEncoding = 4; lastKnownFileType = sourcecode.c.h; path = "UIScrollView+LinkBlock.h"; sourceTree = "<group>"; };
		36E0D5DE1F9253D200AF933D /* UIScrollView+LinkBlock.m */ = {isa = PBXFileReference; fileEncoding = 4; lastKnownFileType = sourcecode.c.objc; path = "UIScrollView+LinkBlock.m"; sourceTree = "<group>"; };
		36E0D5DF1F9253D200AF933D /* UISearchBar+LinkBlock.h */ = {isa = PBXFileReference; fileEncoding = 4; lastKnownFileType = sourcecode.c.h; path = "UISearchBar+LinkBlock.h"; sourceTree = "<group>"; };
		36E0D5E01F9253D200AF933D /* UISearchBar+LinkBlock.m */ = {isa = PBXFileReference; fileEncoding = 4; lastKnownFileType = sourcecode.c.objc; path = "UISearchBar+LinkBlock.m"; sourceTree = "<group>"; };
		36E0D5E11F9253D200AF933D /* UITableView+LinkBlock.h */ = {isa = PBXFileReference; fileEncoding = 4; lastKnownFileType = sourcecode.c.h; path = "UITableView+LinkBlock.h"; sourceTree = "<group>"; };
		36E0D5E21F9253D200AF933D /* UITableView+LinkBlock.m */ = {isa = PBXFileReference; fileEncoding = 4; lastKnownFileType = sourcecode.c.objc; path = "UITableView+LinkBlock.m"; sourceTree = "<group>"; };
		36E0D5E31F9253D200AF933D /* UITextField+LinkBlock.h */ = {isa = PBXFileReference; fileEncoding = 4; lastKnownFileType = sourcecode.c.h; path = "UITextField+LinkBlock.h"; sourceTree = "<group>"; };
		36E0D5E41F9253D200AF933D /* UITextField+LinkBlock.m */ = {isa = PBXFileReference; fileEncoding = 4; lastKnownFileType = sourcecode.c.objc; path = "UITextField+LinkBlock.m"; sourceTree = "<group>"; };
		36E0D5E51F9253D200AF933D /* UITextView+LinkBlock.h */ = {isa = PBXFileReference; fileEncoding = 4; lastKnownFileType = sourcecode.c.h; path = "UITextView+LinkBlock.h"; sourceTree = "<group>"; };
		36E0D5E61F9253D200AF933D /* UITextView+LinkBlock.m */ = {isa = PBXFileReference; fileEncoding = 4; lastKnownFileType = sourcecode.c.objc; path = "UITextView+LinkBlock.m"; sourceTree = "<group>"; };
		36E0D5E71F9253D200AF933D /* UIView+LinkBlock.h */ = {isa = PBXFileReference; fileEncoding = 4; lastKnownFileType = sourcecode.c.h; path = "UIView+LinkBlock.h"; sourceTree = "<group>"; };
		36E0D5E81F9253D200AF933D /* UIView+LinkBlock.m */ = {isa = PBXFileReference; fileEncoding = 4; lastKnownFileType = sourcecode.c.objc; path = "UIView+LinkBlock.m"; sourceTree = "<group>"; };
		36E0D5E91F9253D200AF933D /* UIViewController+LinkBlock.h */ = {isa = PBXFileReference; fileEncoding = 4; lastKnownFileType = sourcecode.c.h; path = "UIViewController+LinkBlock.h"; sourceTree = "<group>"; };
		36E0D5EA1F9253D200AF933D /* UIViewController+LinkBlock.m */ = {isa = PBXFileReference; fileEncoding = 4; lastKnownFileType = sourcecode.c.objc; path = "UIViewController+LinkBlock.m"; sourceTree = "<group>"; };
		36E0D5EB1F9253D200AF933D /* UIWebView+LinkBlock.h */ = {isa = PBXFileReference; fileEncoding = 4; lastKnownFileType = sourcecode.c.h; path = "UIWebView+LinkBlock.h"; sourceTree = "<group>"; };
		36E0D5EC1F9253D200AF933D /* UIWebView+LinkBlock.m */ = {isa = PBXFileReference; fileEncoding = 4; lastKnownFileType = sourcecode.c.objc; path = "UIWebView+LinkBlock.m"; sourceTree = "<group>"; };
		36E0D5F31F9253D200AF933D /* UINavigationBar+Awesome.h */ = {isa = PBXFileReference; fileEncoding = 4; lastKnownFileType = sourcecode.c.h; path = "UINavigationBar+Awesome.h"; sourceTree = "<group>"; };
		36E0D5F41F9253D200AF933D /* UINavigationBar+Awesome.m */ = {isa = PBXFileReference; fileEncoding = 4; lastKnownFileType = sourcecode.c.objc; path = "UINavigationBar+Awesome.m"; sourceTree = "<group>"; };
		36E0D5F51F9253D200AF933D /* UIViewController+SKNavAdd.h */ = {isa = PBXFileReference; fileEncoding = 4; lastKnownFileType = sourcecode.c.h; path = "UIViewController+SKNavAdd.h"; sourceTree = "<group>"; };
		36E0D5F61F9253D200AF933D /* UIViewController+SKNavAdd.m */ = {isa = PBXFileReference; fileEncoding = 4; lastKnownFileType = sourcecode.c.objc; path = "UIViewController+SKNavAdd.m"; sourceTree = "<group>"; };
		36FE8A0C1EE97A4B00E733B8 /* SKToolsDemo.app */ = {isa = PBXFileReference; explicitFileType = wrapper.application; includeInIndex = 0; path = SKToolsDemo.app; sourceTree = BUILT_PRODUCTS_DIR; };
		36FE8A251EE97A4B00E733B8 /* SKToolsDemoTests.xctest */ = {isa = PBXFileReference; explicitFileType = wrapper.cfbundle; includeInIndex = 0; path = SKToolsDemoTests.xctest; sourceTree = BUILT_PRODUCTS_DIR; };
		36FE8A291EE97A4B00E733B8 /* SKToolsDemoTests.m */ = {isa = PBXFileReference; lastKnownFileType = sourcecode.c.objc; path = SKToolsDemoTests.m; sourceTree = "<group>"; };
		36FE8A2B1EE97A4B00E733B8 /* Info.plist */ = {isa = PBXFileReference; lastKnownFileType = text.plist.xml; path = Info.plist; sourceTree = "<group>"; };
		36FE8A301EE97A4B00E733B8 /* SKToolsDemoUITests.xctest */ = {isa = PBXFileReference; explicitFileType = wrapper.cfbundle; includeInIndex = 0; path = SKToolsDemoUITests.xctest; sourceTree = BUILT_PRODUCTS_DIR; };
		36FE8A341EE97A4B00E733B8 /* SKToolsDemoUITests.m */ = {isa = PBXFileReference; lastKnownFileType = sourcecode.c.objc; path = SKToolsDemoUITests.m; sourceTree = "<group>"; };
		36FE8A361EE97A4B00E733B8 /* Info.plist */ = {isa = PBXFileReference; lastKnownFileType = text.plist.xml; path = Info.plist; sourceTree = "<group>"; };
/* End PBXFileReference section */

/* Begin PBXFrameworksBuildPhase section */
		36FE8A091EE97A4B00E733B8 /* Frameworks */ = {
			isa = PBXFrameworksBuildPhase;
			buildActionMask = 2147483647;
			files = (
			);
			runOnlyForDeploymentPostprocessing = 0;
		};
		36FE8A221EE97A4B00E733B8 /* Frameworks */ = {
			isa = PBXFrameworksBuildPhase;
			buildActionMask = 2147483647;
			files = (
			);
			runOnlyForDeploymentPostprocessing = 0;
		};
		36FE8A2D1EE97A4B00E733B8 /* Frameworks */ = {
			isa = PBXFrameworksBuildPhase;
			buildActionMask = 2147483647;
			files = (
			);
			runOnlyForDeploymentPostprocessing = 0;
		};
/* End PBXFrameworksBuildPhase section */

/* Begin PBXGroup section */
		364D1CF41EFA59E800AC2595 /* SKToolsDemo */ = {
			isa = PBXGroup;
			children = (
				364D1CF51EFA59E800AC2595 /* AppDelegate.h */,
				364D1CF61EFA59E800AC2595 /* AppDelegate.m */,
				364D1CF71EFA59E800AC2595 /* Assets.xcassets */,
				364D1CF81EFA59E800AC2595 /* LaunchScreen.storyboard */,
				364D1CFA1EFA59E800AC2595 /* Main.storyboard */,
				364D1CFC1EFA59E800AC2595 /* desktop.png */,
				36E0D5741F9253D200AF933D /* SKBaseKit */,
				36E0D5261F9253D100AF933D /* Tools */,
				364D1CFD1EFA59E800AC2595 /* Info.plist */,
				364D1CFE1EFA59E800AC2595 /* main.m */,
				364D1D391EFA59E800AC2595 /* ViewController.h */,
				364D1D3A1EFA59E800AC2595 /* ViewController.m */,
			);
			path = SKToolsDemo;
			sourceTree = "<group>";
		};
		36E0D5261F9253D100AF933D /* Tools */ = {
			isa = PBXGroup;
			children = (
				36E0D5271F9253D100AF933D /* Server */,
				36E0D52A1F9253D100AF933D /* SKUtils */,
			);
			name = Tools;
			path = ../../Tools;
			sourceTree = "<group>";
		};
		36E0D5271F9253D100AF933D /* Server */ = {
			isa = PBXGroup;
			children = (
				36E0D5281F9253D100AF933D /* NetworkLib.h */,
				36E0D5291F9253D100AF933D /* NetworkLib.m */,
			);
			path = Server;
			sourceTree = "<group>";
		};
		36E0D52A1F9253D100AF933D /* SKUtils */ = {
			isa = PBXGroup;
			children = (
				36E0D52B1F9253D100AF933D /* Base */,
				36E0D53B1F9253D200AF933D /* Other */,
				36E0D53C1F9253D200AF933D /* SKCategories */,
				36E0D5651F9253D200AF933D /* SKHelper */,
				36E0D5681F9253D200AF933D /* SKKit.h */,
				36E0D5691F9253D200AF933D /* SKSafe */,
			);
			path = SKUtils;
			sourceTree = "<group>";
		};
		36E0D52B1F9253D100AF933D /* Base */ = {
			isa = PBXGroup;
			children = (
				36E0D52C1F9253D100AF933D /* BaseRefreshTableViewController */,
				36E0D52F1F9253D100AF933D /* BaseViewController */,
				36E0D5321F9253D100AF933D /* BaseWebViewController */,
				36E0D5351F9253D100AF933D /* Protocol */,
			);
			path = Base;
			sourceTree = "<group>";
		};
		36E0D52C1F9253D100AF933D /* BaseRefreshTableViewController */ = {
			isa = PBXGroup;
			children = (
				36E0D52D1F9253D100AF933D /* BaseRefreshTableViewController.h */,
				36E0D52E1F9253D100AF933D /* BaseRefreshTableViewController.m */,
			);
			path = BaseRefreshTableViewController;
			sourceTree = "<group>";
		};
		36E0D52F1F9253D100AF933D /* BaseViewController */ = {
			isa = PBXGroup;
			children = (
				36E0D5301F9253D100AF933D /* BaseViewController.h */,
				36E0D5311F9253D100AF933D /* BaseViewController.m */,
			);
			path = BaseViewController;
			sourceTree = "<group>";
		};
		36E0D5321F9253D100AF933D /* BaseWebViewController */ = {
			isa = PBXGroup;
			children = (
				36E0D5331F9253D100AF933D /* BaseWebViewController.h */,
				36E0D5341F9253D100AF933D /* BaseWebViewController.m */,
			);
			path = BaseWebViewController;
			sourceTree = "<group>";
		};
		36E0D5351F9253D100AF933D /* Protocol */ = {
			isa = PBXGroup;
			children = (
				36E0D5361F9253D100AF933D /* TemplateActionProtocol.h */,
				36E0D5371F9253D100AF933D /* TemplateCellProtocol.h */,
				36E0D5381F9253D100AF933D /* TemplateRenderProtocol.h */,
				36E0D5391F9253D100AF933D /* TemplateSorbRenderProtocol.h */,
				36E0D53A1F9253D100AF933D /* TemplateValidationProtocol.h */,
			);
			path = Protocol;
			sourceTree = "<group>";
		};
		36E0D53B1F9253D200AF933D /* Other */ = {
			isa = PBXGroup;
			children = (
			);
			path = Other;
			sourceTree = "<group>";
		};
		36E0D53C1F9253D200AF933D /* SKCategories */ = {
			isa = PBXGroup;
			children = (
				36E0D53D1F9253D200AF933D /* Quartz */,
				36E0D5421F9253D200AF933D /* SKFoundation */,
				36E0D5531F9253D200AF933D /* SKKitMacro.h */,
				36E0D5541F9253D200AF933D /* SKUIKit */,
			);
			path = SKCategories;
			sourceTree = "<group>";
		};
		36E0D53D1F9253D200AF933D /* Quartz */ = {
			isa = PBXGroup;
			children = (
				36E0D53E1F9253D200AF933D /* CALayer+SKAdd.h */,
				36E0D53F1F9253D200AF933D /* CALayer+SKAdd.m */,
				36E0D5401F9253D200AF933D /* SKCGUtilities.h */,
				36E0D5411F9253D200AF933D /* SKCGUtilities.m */,
			);
			path = Quartz;
			sourceTree = "<group>";
		};
		36E0D5421F9253D200AF933D /* SKFoundation */ = {
			isa = PBXGroup;
			children = (
				36E0D5431F9253D200AF933D /* NSData+SKAdd.h */,
				36E0D5441F9253D200AF933D /* NSData+SKAdd.m */,
				36E0D5451F9253D200AF933D /* NSDate+SKAdd.h */,
				36E0D5461F9253D200AF933D /* NSDate+SKAdd.m */,
				36E0D5471F9253D200AF933D /* NSMutableDictionary+SKAdd.h */,
				36E0D5481F9253D200AF933D /* NSMutableDictionary+SKAdd.m */,
				36E0D5491F9253D200AF933D /* NSNumber+SKAdd.h */,
				36E0D54A1F9253D200AF933D /* NSNumber+SKAdd.m */,
				36E0D54B1F9253D200AF933D /* NSObject+SKAdd.h */,
				36E0D54C1F9253D200AF933D /* NSObject+SKAdd.m */,
				36E0D54D1F9253D200AF933D /* NSObject+SKAddForKVO.h */,
				36E0D54E1F9253D200AF933D /* NSObject+SKAddForKVO.m */,
				36E0D54F1F9253D200AF933D /* NSString+SKAdd.h */,
				36E0D5501F9253D200AF933D /* NSString+SKAdd.m */,
				36E0D5511F9253D200AF933D /* NSTimer+SKAdd.h */,
				36E0D5521F9253D200AF933D /* NSTimer+SKAdd.m */,
			);
			path = SKFoundation;
			sourceTree = "<group>";
		};
		36E0D5541F9253D200AF933D /* SKUIKit */ = {
			isa = PBXGroup;
			children = (
				36E0D5551F9253D200AF933D /* UIApplication+SKAdd.h */,
				36E0D5561F9253D200AF933D /* UIApplication+SKAdd.m */,
				36E0D5571F9253D200AF933D /* UIColor+SKAdd.h */,
				36E0D5581F9253D200AF933D /* UIColor+SKAdd.m */,
				36E0D5591F9253D200AF933D /* UIControl+SKAdd.h */,
				36E0D55A1F9253D200AF933D /* UIControl+SKAdd.m */,
				36E0D55B1F9253D200AF933D /* UIDevice+SKAdd.h */,
				36E0D55C1F9253D200AF933D /* UIDevice+SKAdd.m */,
				36E0D55D1F9253D200AF933D /* UIImage+SKAdd.h */,
				36E0D55E1F9253D200AF933D /* UIImage+SKAdd.m */,
				36E0D55F1F9253D200AF933D /* UIImageView+SKAdd.h */,
				36E0D5601F9253D200AF933D /* UIImageView+SKAdd.m */,
				36E0D5611F9253D200AF933D /* UITextField+IndexPath.h */,
				36E0D5621F9253D200AF933D /* UITextField+IndexPath.m */,
				36E0D5631F9253D200AF933D /* UIView+SKAdd.h */,
				36E0D5641F9253D200AF933D /* UIView+SKAdd.m */,
			);
			path = SKUIKit;
			sourceTree = "<group>";
		};
		36E0D5651F9253D200AF933D /* SKHelper */ = {
			isa = PBXGroup;
			children = (
				36E0D5661F9253D200AF933D /* SKHelper.h */,
				36E0D5671F9253D200AF933D /* SKHelper.m */,
			);
			path = SKHelper;
			sourceTree = "<group>";
		};
		36E0D5691F9253D200AF933D /* SKSafe */ = {
			isa = PBXGroup;
			children = (
				36E0D56A1F9253D200AF933D /* NSArray+Safe.h */,
				36E0D56B1F9253D200AF933D /* NSArray+Safe.m */,
				36E0D56C1F9253D200AF933D /* NSMutableArray+Safe.h */,
				36E0D56D1F9253D200AF933D /* NSMutableArray+Safe.m */,
				36E0D56E1F9253D200AF933D /* NSMutableDictionary+Safe.h */,
				36E0D56F1F9253D200AF933D /* NSMutableDictionary+Safe.m */,
				36E0D5701F9253D200AF933D /* NSMutableString+Safe.h */,
				36E0D5711F9253D200AF933D /* NSMutableString+Safe.m */,
				36E0D5721F9253D200AF933D /* NSString+Safe.h */,
				36E0D5731F9253D200AF933D /* NSString+Safe.m */,
			);
			path = SKSafe;
			sourceTree = "<group>";
		};
		36E0D5741F9253D200AF933D /* SKBaseKit */ = {
			isa = PBXGroup;
			children = (
				36E0D5751F9253D200AF933D /* Chameleon */,
				36E0D5911F9253D200AF933D /* SKBuildKit */,
				36E0D5F21F9253D200AF933D /* UINavigationController+SKAdd */,
			);
			name = SKBaseKit;
			path = ../../SKBaseKit;
			sourceTree = "<group>";
		};
		36E0D5751F9253D200AF933D /* Chameleon */ = {
			isa = PBXGroup;
			children = (
				36E0D5761F9253D200AF933D /* Chameleon.h */,
				36E0D5771F9253D200AF933D /* Chameleon_.h */,
				36E0D5781F9253D200AF933D /* Chameleon_.m */,
				36E0D5791F9253D200AF933D /* ChameleonConstants.h */,
				36E0D57A1F9253D200AF933D /* ChameleonConstants.m */,
				36E0D57B1F9253D200AF933D /* ChameleonEnums.h */,
				36E0D57C1F9253D200AF933D /* ChameleonMacros.h */,
				36E0D57D1F9253D200AF933D /* NSArray+Chameleon.h */,
				36E0D57E1F9253D200AF933D /* NSArray+Chameleon.m */,
				36E0D57F1F9253D200AF933D /* UIAppearance+Swift.h */,
				36E0D5801F9253D200AF933D /* UIAppearance+Swift.m */,
				36E0D5811F9253D200AF933D /* UIButton+Chameleon.h */,
				36E0D5821F9253D200AF933D /* UIButton+Chameleon.m */,
				36E0D5831F9253D200AF933D /* UIColor+Chameleon.h */,
				36E0D5841F9253D200AF933D /* UIColor+Chameleon.m */,
				36E0D5851F9253D200AF933D /* UIColor+ChameleonPrivate.h */,
				36E0D5861F9253D200AF933D /* UIColor+ChameleonPrivate.m */,
				36E0D5871F9253D200AF933D /* UIImage+ChameleonPrivate.h */,
				36E0D5881F9253D200AF933D /* UIImage+ChameleonPrivate.m */,
				36E0D5891F9253D200AF933D /* UILabel+Chameleon.h */,
				36E0D58A1F9253D200AF933D /* UILabel+Chameleon.m */,
				36E0D58B1F9253D200AF933D /* UINavigationController+Chameleon.h */,
				36E0D58C1F9253D200AF933D /* UINavigationController+Chameleon.m */,
				36E0D58D1F9253D200AF933D /* UIView+ChameleonPrivate.h */,
				36E0D58E1F9253D200AF933D /* UIView+ChameleonPrivate.m */,
				36E0D58F1F9253D200AF933D /* UIViewController+Chameleon.h */,
				36E0D5901F9253D200AF933D /* UIViewController+Chameleon.m */,
			);
			path = Chameleon;
			sourceTree = "<group>";
		};
		36E0D5911F9253D200AF933D /* SKBuildKit */ = {
			isa = PBXGroup;
			children = (
				36E0D5921F9253D200AF933D /* SKBuildKit */,
				36E0D5951F9253D200AF933D /* SKLinkBlock */,
			);
			path = SKBuildKit;
			sourceTree = "<group>";
		};
		36E0D5921F9253D200AF933D /* SKBuildKit */ = {
			isa = PBXGroup;
			children = (
				36E0D5931F9253D200AF933D /* SKBuildKit.h */,
				36E0D5941F9253D200AF933D /* SKBuildKit.m */,
			);
			path = SKBuildKit;
			sourceTree = "<group>";
		};
		36E0D5951F9253D200AF933D /* SKLinkBlock */ = {
			isa = PBXGroup;
			children = (
				36E0D5961F9253D200AF933D /* Foundation */,
				36E0D5BD1F9253D200AF933D /* LinkBlock.h */,
				36E0D5BE1F9253D200AF933D /* LinkInfo */,
				36E0D5C81F9253D200AF933D /* UIKit */,
			);
			path = SKLinkBlock;
			sourceTree = "<group>";
		};
		36E0D5961F9253D200AF933D /* Foundation */ = {
			isa = PBXGroup;
			children = (
				36E0D5971F9253D200AF933D /* JavaScriptCore */,
				36E0D59F1F9253D200AF933D /* NSArray+LinkBlock.h */,
				36E0D5A01F9253D200AF933D /* NSArray+LinkBlock.m */,
				36E0D5A11F9253D200AF933D /* NSAttributedString+LinkBlock.h */,
				36E0D5A21F9253D200AF933D /* NSAttributedString+LinkBlock.m */,
				36E0D5A31F9253D200AF933D /* NSDate+LinkBlock.h */,
				36E0D5A41F9253D200AF933D /* NSDate+LinkBlock.m */,
				36E0D5A51F9253D200AF933D /* NSDictionary+LinkBlock.h */,
				36E0D5A61F9253D200AF933D /* NSDictionary+LinkBlock.m */,
				36E0D5A71F9253D200AF933D /* NSError+LinkBlock.h */,
				36E0D5A81F9253D200AF933D /* NSError+LinkBlock.m */,
				36E0D5A91F9253D200AF933D /* NSMutableArray+LinkBlock.h */,
				36E0D5AA1F9253D200AF933D /* NSMutableArray+LinkBlock.m */,
				36E0D5AB1F9253D200AF933D /* NSMutableAttributedString+LinkBlock.h */,
				36E0D5AC1F9253D200AF933D /* NSMutableAttributedString+LinkBlock.m */,
				36E0D5AD1F9253D200AF933D /* NSMutableDictionary+LinkBlock.h */,
				36E0D5AE1F9253D200AF933D /* NSMutableDictionary+LinkBlock.m */,
				36E0D5AF1F9253D200AF933D /* NSMutableString+LinkBlock.h */,
				36E0D5B01F9253D200AF933D /* NSMutableString+LinkBlock.m */,
				36E0D5B11F9253D200AF933D /* NSNumber+LinkBlock.h */,
				36E0D5B21F9253D200AF933D /* NSNumber+LinkBlock.m */,
				36E0D5B31F9253D200AF933D /* NSObject+LinkBlock.h */,
				36E0D5B41F9253D200AF933D /* NSObject+LinkBlock.m */,
				36E0D5B51F9253D200AF933D /* NSString+LinkBlock.h */,
				36E0D5B61F9253D200AF933D /* NSString+LinkBlock.m */,
				36E0D5B71F9253D200AF933D /* NSURL+LinkBlock.h */,
				36E0D5B81F9253D200AF933D /* NSURL+LinkBlock.m */,
				36E0D5B91F9253D200AF933D /* NSValue+LinkBlock.h */,
				36E0D5BA1F9253D200AF933D /* NSValue+LinkBlock.m */,
				36E0D5BB1F9253D200AF933D /* Others+LinkBlock.h */,
				36E0D5BC1F9253D200AF933D /* Others+LinkBlock.m */,
			);
			path = Foundation;
			sourceTree = "<group>";
		};
		36E0D5971F9253D200AF933D /* JavaScriptCore */ = {
			isa = PBXGroup;
			children = (
				36E0D5981F9253D200AF933D /* JavaScriptCore+LinkBlock.h */,
				36E0D5991F9253D200AF933D /* JSContext+LinkBlock.h */,
				36E0D59A1F9253D200AF933D /* JSContext+LinkBlock.m */,
				36E0D59B1F9253D200AF933D /* JSManagedValue+LinkBlock.h */,
				36E0D59C1F9253D200AF933D /* JSManagedValue+LinkBlock.m */,
				36E0D59D1F9253D200AF933D /* JSValue+LinkBlock.h */,
				36E0D59E1F9253D200AF933D /* JSValue+LinkBlock.m */,
			);
			path = JavaScriptCore;
			sourceTree = "<group>";
		};
		36E0D5BE1F9253D200AF933D /* LinkInfo */ = {
			isa = PBXGroup;
			children = (
				36E0D5BF1F9253D200AF933D /* LinkBlockDefine.h */,
				36E0D5C01F9253D200AF933D /* LinkError.h */,
				36E0D5C11F9253D200AF933D /* LinkError.m */,
				36E0D5C21F9253D200AF933D /* LinkGroup.h */,
				36E0D5C31F9253D200AF933D /* LinkGroup.m */,
				36E0D5C41F9253D200AF933D /* LinkInfo.h */,
				36E0D5C51F9253D200AF933D /* LinkInfo.m */,
				36E0D5C61F9253D200AF933D /* LinkReturn.h */,
				36E0D5C71F9253D200AF933D /* LinkReturn.m */,
			);
			path = LinkInfo;
			sourceTree = "<group>";
		};
		36E0D5C81F9253D200AF933D /* UIKit */ = {
			isa = PBXGroup;
			children = (
				36E0D5C91F9253D200AF933D /* CAAnimations+LinkBlock.h */,
				36E0D5CA1F9253D200AF933D /* CAAnimations+LinkBlock.m */,
				36E0D5CB1F9253D200AF933D /* CALayer+LinkBlock.h */,
				36E0D5CC1F9253D200AF933D /* CALayer+LinkBlock.m */,
				36E0D5CD1F9253D200AF933D /* CAShapeLayer+LinkBlock.h */,
				36E0D5CE1F9253D200AF933D /* CAShapeLayer+LinkBlock.m */,
				36E0D5CF1F9253D200AF933D /* UIBezierPath+LinkBlock.h */,
				36E0D5D01F9253D200AF933D /* UIBezierPath+LinkBlock.m */,
				36E0D5D11F9253D200AF933D /* UIButton+LinkBlock.h */,
				36E0D5D21F9253D200AF933D /* UIButton+LinkBlock.m */,
				36E0D5D31F9253D200AF933D /* UIColor+LinkBlock.h */,
				36E0D5D41F9253D200AF933D /* UIColor+LinkBlock.m */,
				36E0D5D51F9253D200AF933D /* UIControl+LinkBlock.h */,
				36E0D5D61F9253D200AF933D /* UIControl+LinkBlock.m */,
				36E0D5D71F9253D200AF933D /* UIImage+LinkBlock.h */,
				36E0D5D81F9253D200AF933D /* UIImage+LinkBlock.m */,
				36E0D5D91F9253D200AF933D /* UIImageView+LinkBlock.h */,
				36E0D5DA1F9253D200AF933D /* UIImageView+LinkBlock.m */,
				36E0D5DB1F9253D200AF933D /* UILabel+LinkBlock.h */,
				36E0D5DC1F9253D200AF933D /* UILabel+LinkBlock.m */,
				36E0D5DD1F9253D200AF933D /* UIScrollView+LinkBlock.h */,
				36E0D5DE1F9253D200AF933D /* UIScrollView+LinkBlock.m */,
				36E0D5DF1F9253D200AF933D /* UISearchBar+LinkBlock.h */,
				36E0D5E01F9253D200AF933D /* UISearchBar+LinkBlock.m */,
				36E0D5E11F9253D200AF933D /* UITableView+LinkBlock.h */,
				36E0D5E21F9253D200AF933D /* UITableView+LinkBlock.m */,
				36E0D5E31F9253D200AF933D /* UITextField+LinkBlock.h */,
				36E0D5E41F9253D200AF933D /* UITextField+LinkBlock.m */,
				36E0D5E51F9253D200AF933D /* UITextView+LinkBlock.h */,
				36E0D5E61F9253D200AF933D /* UITextView+LinkBlock.m */,
				36E0D5E71F9253D200AF933D /* UIView+LinkBlock.h */,
				36E0D5E81F9253D200AF933D /* UIView+LinkBlock.m */,
				36E0D5E91F9253D200AF933D /* UIViewController+LinkBlock.h */,
				36E0D5EA1F9253D200AF933D /* UIViewController+LinkBlock.m */,
				36E0D5EB1F9253D200AF933D /* UIWebView+LinkBlock.h */,
				36E0D5EC1F9253D200AF933D /* UIWebView+LinkBlock.m */,
			);
			path = UIKit;
			sourceTree = "<group>";
		};
		36E0D5F21F9253D200AF933D /* UINavigationController+SKAdd */ = {
			isa = PBXGroup;
			children = (
				36E0D5F31F9253D200AF933D /* UINavigationBar+Awesome.h */,
				36E0D5F41F9253D200AF933D /* UINavigationBar+Awesome.m */,
				36E0D5F51F9253D200AF933D /* UIViewController+SKNavAdd.h */,
				36E0D5F61F9253D200AF933D /* UIViewController+SKNavAdd.m */,
			);
			path = "UINavigationController+SKAdd";
			sourceTree = "<group>";
		};
		36FE8A031EE97A4B00E733B8 = {
			isa = PBXGroup;
			children = (
				364D1CF41EFA59E800AC2595 /* SKToolsDemo */,
				36FE8A281EE97A4B00E733B8 /* SKToolsDemoTests */,
				36FE8A331EE97A4B00E733B8 /* SKToolsDemoUITests */,
				36FE8A0D1EE97A4B00E733B8 /* Products */,
			);
			sourceTree = "<group>";
		};
		36FE8A0D1EE97A4B00E733B8 /* Products */ = {
			isa = PBXGroup;
			children = (
				36FE8A0C1EE97A4B00E733B8 /* SKToolsDemo.app */,
				36FE8A251EE97A4B00E733B8 /* SKToolsDemoTests.xctest */,
				36FE8A301EE97A4B00E733B8 /* SKToolsDemoUITests.xctest */,
			);
			name = Products;
			sourceTree = "<group>";
		};
		36FE8A281EE97A4B00E733B8 /* SKToolsDemoTests */ = {
			isa = PBXGroup;
			children = (
				36FE8A291EE97A4B00E733B8 /* SKToolsDemoTests.m */,
				36FE8A2B1EE97A4B00E733B8 /* Info.plist */,
			);
			path = SKToolsDemoTests;
			sourceTree = "<group>";
		};
		36FE8A331EE97A4B00E733B8 /* SKToolsDemoUITests */ = {
			isa = PBXGroup;
			children = (
				36FE8A341EE97A4B00E733B8 /* SKToolsDemoUITests.m */,
				36FE8A361EE97A4B00E733B8 /* Info.plist */,
			);
			path = SKToolsDemoUITests;
			sourceTree = "<group>";
		};
/* End PBXGroup section */

/* Begin PBXNativeTarget section */
		36FE8A0B1EE97A4B00E733B8 /* SKToolsDemo */ = {
			isa = PBXNativeTarget;
			buildConfigurationList = 36FE8A391EE97A4B00E733B8 /* Build configuration list for PBXNativeTarget "SKToolsDemo" */;
			buildPhases = (
				36FE8A081EE97A4B00E733B8 /* Sources */,
				36FE8A091EE97A4B00E733B8 /* Frameworks */,
				36FE8A0A1EE97A4B00E733B8 /* Resources */,
			);
			buildRules = (
			);
			dependencies = (
			);
			name = SKToolsDemo;
			productName = SKToolsDemo;
			productReference = 36FE8A0C1EE97A4B00E733B8 /* SKToolsDemo.app */;
			productType = "com.apple.product-type.application";
		};
		36FE8A241EE97A4B00E733B8 /* SKToolsDemoTests */ = {
			isa = PBXNativeTarget;
			buildConfigurationList = 36FE8A3C1EE97A4B00E733B8 /* Build configuration list for PBXNativeTarget "SKToolsDemoTests" */;
			buildPhases = (
				36FE8A211EE97A4B00E733B8 /* Sources */,
				36FE8A221EE97A4B00E733B8 /* Frameworks */,
				36FE8A231EE97A4B00E733B8 /* Resources */,
			);
			buildRules = (
			);
			dependencies = (
				36FE8A271EE97A4B00E733B8 /* PBXTargetDependency */,
			);
			name = SKToolsDemoTests;
			productName = SKToolsDemoTests;
			productReference = 36FE8A251EE97A4B00E733B8 /* SKToolsDemoTests.xctest */;
			productType = "com.apple.product-type.bundle.unit-test";
		};
		36FE8A2F1EE97A4B00E733B8 /* SKToolsDemoUITests */ = {
			isa = PBXNativeTarget;
			buildConfigurationList = 36FE8A3F1EE97A4B00E733B8 /* Build configuration list for PBXNativeTarget "SKToolsDemoUITests" */;
			buildPhases = (
				36FE8A2C1EE97A4B00E733B8 /* Sources */,
				36FE8A2D1EE97A4B00E733B8 /* Frameworks */,
				36FE8A2E1EE97A4B00E733B8 /* Resources */,
			);
			buildRules = (
			);
			dependencies = (
				36FE8A321EE97A4B00E733B8 /* PBXTargetDependency */,
			);
			name = SKToolsDemoUITests;
			productName = SKToolsDemoUITests;
			productReference = 36FE8A301EE97A4B00E733B8 /* SKToolsDemoUITests.xctest */;
			productType = "com.apple.product-type.bundle.ui-testing";
		};
/* End PBXNativeTarget section */

/* Begin PBXProject section */
		36FE8A041EE97A4B00E733B8 /* Project object */ = {
			isa = PBXProject;
			attributes = {
				LastUpgradeCheck = 0820;
				ORGANIZATIONNAME = Sakya;
				TargetAttributes = {
					36FE8A0B1EE97A4B00E733B8 = {
						CreatedOnToolsVersion = 8.2.1;
						DevelopmentTeam = 38SZG46UR4;
						ProvisioningStyle = Automatic;
					};
					36FE8A241EE97A4B00E733B8 = {
						CreatedOnToolsVersion = 8.2.1;
						DevelopmentTeam = V88STV6K6N;
						ProvisioningStyle = Automatic;
						TestTargetID = 36FE8A0B1EE97A4B00E733B8;
					};
					36FE8A2F1EE97A4B00E733B8 = {
						CreatedOnToolsVersion = 8.2.1;
						DevelopmentTeam = V88STV6K6N;
						ProvisioningStyle = Automatic;
						TestTargetID = 36FE8A0B1EE97A4B00E733B8;
					};
				};
			};
			buildConfigurationList = 36FE8A071EE97A4B00E733B8 /* Build configuration list for PBXProject "SKToolsDemo" */;
			compatibilityVersion = "Xcode 3.2";
			developmentRegion = English;
			hasScannedForEncodings = 0;
			knownRegions = (
				en,
				Base,
			);
			mainGroup = 36FE8A031EE97A4B00E733B8;
			productRefGroup = 36FE8A0D1EE97A4B00E733B8 /* Products */;
			projectDirPath = "";
			projectRoot = "";
			targets = (
				36FE8A0B1EE97A4B00E733B8 /* SKToolsDemo */,
				36FE8A241EE97A4B00E733B8 /* SKToolsDemoTests */,
				36FE8A2F1EE97A4B00E733B8 /* SKToolsDemoUITests */,
			);
		};
/* End PBXProject section */

/* Begin PBXResourcesBuildPhase section */
		36FE8A0A1EE97A4B00E733B8 /* Resources */ = {
			isa = PBXResourcesBuildPhase;
			buildActionMask = 2147483647;
			files = (
				364D1D3F1EFA59E800AC2595 /* desktop.png in Resources */,
				364D1D3E1EFA59E800AC2595 /* Main.storyboard in Resources */,
				364D1D3C1EFA59E800AC2595 /* Assets.xcassets in Resources */,
				364D1D3D1EFA59E800AC2595 /* LaunchScreen.storyboard in Resources */,
			);
			runOnlyForDeploymentPostprocessing = 0;
		};
		36FE8A231EE97A4B00E733B8 /* Resources */ = {
			isa = PBXResourcesBuildPhase;
			buildActionMask = 2147483647;
			files = (
			);
			runOnlyForDeploymentPostprocessing = 0;
		};
		36FE8A2E1EE97A4B00E733B8 /* Resources */ = {
			isa = PBXResourcesBuildPhase;
			buildActionMask = 2147483647;
			files = (
			);
			runOnlyForDeploymentPostprocessing = 0;
		};
/* End PBXResourcesBuildPhase section */

/* Begin PBXSourcesBuildPhase section */
		36FE8A081EE97A4B00E733B8 /* Sources */ = {
			isa = PBXSourcesBuildPhase;
			buildActionMask = 2147483647;
			files = (
				36E0D60F1F9253D200AF933D /* NSMutableArray+Safe.m in Sources */,
				36E0D6331F9253D200AF933D /* LinkGroup.m in Sources */,
				36E0D6221F9253D200AF933D /* JSValue+LinkBlock.m in Sources */,
				36E0D6381F9253D200AF933D /* CAShapeLayer+LinkBlock.m in Sources */,
				36E0D6441F9253D200AF933D /* UITextView+LinkBlock.m in Sources */,
				36E0D6181F9253D200AF933D /* UIColor+Chameleon.m in Sources */,
				36E0D6401F9253D200AF933D /* UIScrollView+LinkBlock.m in Sources */,
				36E0D5FD1F9253D200AF933D /* NSData+SKAdd.m in Sources */,
				36E0D62B1F9253D200AF933D /* NSMutableString+LinkBlock.m in Sources */,
				36E0D60B1F9253D200AF933D /* UITextField+IndexPath.m in Sources */,
				36E0D6351F9253D200AF933D /* LinkReturn.m in Sources */,
				36E0D6091F9253D200AF933D /* UIImage+SKAdd.m in Sources */,
				36E0D60D1F9253D200AF933D /* SKHelper.m in Sources */,
				36E0D5F71F9253D200AF933D /* NetworkLib.m in Sources */,
				36E0D6101F9253D200AF933D /* NSMutableDictionary+Safe.m in Sources */,
				36E0D6151F9253D200AF933D /* NSArray+Chameleon.m in Sources */,
				36E0D64A1F9253D200AF933D /* UINavigationBar+Awesome.m in Sources */,
				36E0D5FE1F9253D200AF933D /* NSDate+SKAdd.m in Sources */,
				36E0D61E1F9253D200AF933D /* UIViewController+Chameleon.m in Sources */,
				36E0D62A1F9253D200AF933D /* NSMutableDictionary+LinkBlock.m in Sources */,
				36E0D5FA1F9253D200AF933D /* BaseWebViewController.m in Sources */,
				36E0D6461F9253D200AF933D /* UIViewController+LinkBlock.m in Sources */,
				36E0D6141F9253D200AF933D /* ChameleonConstants.m in Sources */,
				36E0D6051F9253D200AF933D /* UIApplication+SKAdd.m in Sources */,
				36E0D6281F9253D200AF933D /* NSMutableArray+LinkBlock.m in Sources */,
				36E0D6121F9253D200AF933D /* NSString+Safe.m in Sources */,
				36E0D6071F9253D200AF933D /* UIControl+SKAdd.m in Sources */,
				36E0D63D1F9253D200AF933D /* UIImage+LinkBlock.m in Sources */,
				36E0D6391F9253D200AF933D /* UIBezierPath+LinkBlock.m in Sources */,
				36E0D6111F9253D200AF933D /* NSMutableString+Safe.m in Sources */,
				36E0D6411F9253D200AF933D /* UISearchBar+LinkBlock.m in Sources */,
				36E0D6321F9253D200AF933D /* LinkError.m in Sources */,
				36E0D62D1F9253D200AF933D /* NSObject+LinkBlock.m in Sources */,
				36E0D5F91F9253D200AF933D /* BaseViewController.m in Sources */,
				36E0D62C1F9253D200AF933D /* NSNumber+LinkBlock.m in Sources */,
				36E0D6171F9253D200AF933D /* UIButton+Chameleon.m in Sources */,
				36E0D6031F9253D200AF933D /* NSString+SKAdd.m in Sources */,
				36E0D6271F9253D200AF933D /* NSError+LinkBlock.m in Sources */,
				36E0D6161F9253D200AF933D /* UIAppearance+Swift.m in Sources */,
				36E0D6261F9253D200AF933D /* NSDictionary+LinkBlock.m in Sources */,
				36E0D6081F9253D200AF933D /* UIDevice+SKAdd.m in Sources */,
				36E0D6011F9253D200AF933D /* NSObject+SKAdd.m in Sources */,
				36E0D5F81F9253D200AF933D /* BaseRefreshTableViewController.m in Sources */,
				36E0D6421F9253D200AF933D /* UITableView+LinkBlock.m in Sources */,
				36E0D6361F9253D200AF933D /* CAAnimations+LinkBlock.m in Sources */,
				36E0D6291F9253D200AF933D /* NSMutableAttributedString+LinkBlock.m in Sources */,
				36E0D6131F9253D200AF933D /* Chameleon_.m in Sources */,
				364D1D411EFA59E800AC2595 /* main.m in Sources */,
				36E0D6431F9253D200AF933D /* UITextField+LinkBlock.m in Sources */,
				36E0D5FB1F9253D200AF933D /* CALayer+SKAdd.m in Sources */,
				36E0D62F1F9253D200AF933D /* NSURL+LinkBlock.m in Sources */,
				36E0D6191F9253D200AF933D /* UIColor+ChameleonPrivate.m in Sources */,
				36E0D6311F9253D200AF933D /* Others+LinkBlock.m in Sources */,
				36E0D61C1F9253D200AF933D /* UINavigationController+Chameleon.m in Sources */,
				36E0D6001F9253D200AF933D /* NSNumber+SKAdd.m in Sources */,
				36E0D61D1F9253D200AF933D /* UIView+ChameleonPrivate.m in Sources */,
				36E0D6341F9253D200AF933D /* LinkInfo.m in Sources */,
				36E0D6251F9253D200AF933D /* NSDate+LinkBlock.m in Sources */,
				36E0D6241F9253D200AF933D /* NSAttributedString+LinkBlock.m in Sources */,
				36E0D6061F9253D200AF933D /* UIColor+SKAdd.m in Sources */,
				36E0D6211F9253D200AF933D /* JSManagedValue+LinkBlock.m in Sources */,
				36E0D6371F9253D200AF933D /* CALayer+LinkBlock.m in Sources */,
				36E0D6451F9253D200AF933D /* UIView+LinkBlock.m in Sources */,
				36E0D6231F9253D200AF933D /* NSArray+LinkBlock.m in Sources */,
				36E0D64B1F9253D200AF933D /* UIViewController+SKNavAdd.m in Sources */,
				36E0D61A1F9253D200AF933D /* UIImage+ChameleonPrivate.m in Sources */,
				364D1D3B1EFA59E800AC2595 /* AppDelegate.m in Sources */,
				36E0D5FF1F9253D200AF933D /* NSMutableDictionary+SKAdd.m in Sources */,
				36E0D60E1F9253D200AF933D /* NSArray+Safe.m in Sources */,
				364D1D5A1EFA59E800AC2595 /* ViewController.m in Sources */,
				36E0D63A1F9253D200AF933D /* UIButton+LinkBlock.m in Sources */,
				36E0D6301F9253D200AF933D /* NSValue+LinkBlock.m in Sources */,
				36E0D62E1F9253D200AF933D /* NSString+LinkBlock.m in Sources */,
				36E0D6041F9253D200AF933D /* NSTimer+SKAdd.m in Sources */,
				36E0D61B1F9253D200AF933D /* UILabel+Chameleon.m in Sources */,
				36E0D5FC1F9253D200AF933D /* SKCGUtilities.m in Sources */,
				36E0D6201F9253D200AF933D /* JSContext+LinkBlock.m in Sources */,
				36E0D63F1F9253D200AF933D /* UILabel+LinkBlock.m in Sources */,
				36E0D6021F9253D200AF933D /* NSObject+SKAddForKVO.m in Sources */,
				36E0D61F1F9253D200AF933D /* SKBuildKit.m in Sources */,
				36E0D60C1F9253D200AF933D /* UIView+SKAdd.m in Sources */,
				36E0D60A1F9253D200AF933D /* UIImageView+SKAdd.m in Sources */,
				36E0D63C1F9253D200AF933D /* UIControl+LinkBlock.m in Sources */,
				36E0D63E1F9253D200AF933D /* UIImageView+LinkBlock.m in Sources */,
				36E0D63B1F9253D200AF933D /* UIColor+LinkBlock.m in Sources */,
				36E0D6471F9253D200AF933D /* UIWebView+LinkBlock.m in Sources */,
			);
			runOnlyForDeploymentPostprocessing = 0;
		};
		36FE8A211EE97A4B00E733B8 /* Sources */ = {
			isa = PBXSourcesBuildPhase;
			buildActionMask = 2147483647;
			files = (
				36FE8A2A1EE97A4B00E733B8 /* SKToolsDemoTests.m in Sources */,
			);
			runOnlyForDeploymentPostprocessing = 0;
		};
		36FE8A2C1EE97A4B00E733B8 /* Sources */ = {
			isa = PBXSourcesBuildPhase;
			buildActionMask = 2147483647;
			files = (
				36FE8A351EE97A4B00E733B8 /* SKToolsDemoUITests.m in Sources */,
			);
			runOnlyForDeploymentPostprocessing = 0;
		};
/* End PBXSourcesBuildPhase section */

/* Begin PBXTargetDependency section */
		36FE8A271EE97A4B00E733B8 /* PBXTargetDependency */ = {
			isa = PBXTargetDependency;
			target = 36FE8A0B1EE97A4B00E733B8 /* SKToolsDemo */;
			targetProxy = 36FE8A261EE97A4B00E733B8 /* PBXContainerItemProxy */;
		};
		36FE8A321EE97A4B00E733B8 /* PBXTargetDependency */ = {
			isa = PBXTargetDependency;
			target = 36FE8A0B1EE97A4B00E733B8 /* SKToolsDemo */;
			targetProxy = 36FE8A311EE97A4B00E733B8 /* PBXContainerItemProxy */;
		};
/* End PBXTargetDependency section */

/* Begin PBXVariantGroup section */
		364D1CF81EFA59E800AC2595 /* LaunchScreen.storyboard */ = {
			isa = PBXVariantGroup;
			children = (
				364D1CF91EFA59E800AC2595 /* Base */,
			);
			name = LaunchScreen.storyboard;
			sourceTree = "<group>";
		};
		364D1CFA1EFA59E800AC2595 /* Main.storyboard */ = {
			isa = PBXVariantGroup;
			children = (
				364D1CFB1EFA59E800AC2595 /* Base */,
			);
			name = Main.storyboard;
			sourceTree = "<group>";
		};
/* End PBXVariantGroup section */

/* Begin XCBuildConfiguration section */
		36FE8A371EE97A4B00E733B8 /* Debug */ = {
			isa = XCBuildConfiguration;
			buildSettings = {
				ALWAYS_SEARCH_USER_PATHS = NO;
				CLANG_ANALYZER_NONNULL = YES;
				CLANG_CXX_LANGUAGE_STANDARD = "gnu++0x";
				CLANG_CXX_LIBRARY = "libc++";
				CLANG_ENABLE_MODULES = YES;
				CLANG_ENABLE_OBJC_ARC = YES;
				CLANG_WARN_BOOL_CONVERSION = YES;
				CLANG_WARN_CONSTANT_CONVERSION = YES;
				CLANG_WARN_DIRECT_OBJC_ISA_USAGE = YES_ERROR;
				CLANG_WARN_DOCUMENTATION_COMMENTS = YES;
				CLANG_WARN_EMPTY_BODY = YES;
				CLANG_WARN_ENUM_CONVERSION = YES;
				CLANG_WARN_INFINITE_RECURSION = YES;
				CLANG_WARN_INT_CONVERSION = YES;
				CLANG_WARN_OBJC_ROOT_CLASS = YES_ERROR;
				CLANG_WARN_SUSPICIOUS_MOVE = YES;
				CLANG_WARN_UNREACHABLE_CODE = YES;
				CLANG_WARN__DUPLICATE_METHOD_MATCH = YES;
				"CODE_SIGN_IDENTITY[sdk=iphoneos*]" = "iPhone Developer";
				COPY_PHASE_STRIP = NO;
				DEBUG_INFORMATION_FORMAT = dwarf;
				ENABLE_STRICT_OBJC_MSGSEND = YES;
				ENABLE_TESTABILITY = YES;
				GCC_C_LANGUAGE_STANDARD = gnu99;
				GCC_DYNAMIC_NO_PIC = NO;
				GCC_NO_COMMON_BLOCKS = YES;
				GCC_OPTIMIZATION_LEVEL = 0;
				GCC_PREPROCESSOR_DEFINITIONS = (
					"DEBUG=1",
					"$(inherited)",
				);
				GCC_WARN_64_TO_32_BIT_CONVERSION = YES;
				GCC_WARN_ABOUT_RETURN_TYPE = YES_ERROR;
				GCC_WARN_UNDECLARED_SELECTOR = YES;
				GCC_WARN_UNINITIALIZED_AUTOS = YES_AGGRESSIVE;
				GCC_WARN_UNUSED_FUNCTION = YES;
				GCC_WARN_UNUSED_VARIABLE = YES;
				IPHONEOS_DEPLOYMENT_TARGET = 10.2;
				MTL_ENABLE_DEBUG_INFO = YES;
				ONLY_ACTIVE_ARCH = YES;
				SDKROOT = iphoneos;
			};
			name = Debug;
		};
		36FE8A381EE97A4B00E733B8 /* Release */ = {
			isa = XCBuildConfiguration;
			buildSettings = {
				ALWAYS_SEARCH_USER_PATHS = NO;
				CLANG_ANALYZER_NONNULL = YES;
				CLANG_CXX_LANGUAGE_STANDARD = "gnu++0x";
				CLANG_CXX_LIBRARY = "libc++";
				CLANG_ENABLE_MODULES = YES;
				CLANG_ENABLE_OBJC_ARC = YES;
				CLANG_WARN_BOOL_CONVERSION = YES;
				CLANG_WARN_CONSTANT_CONVERSION = YES;
				CLANG_WARN_DIRECT_OBJC_ISA_USAGE = YES_ERROR;
				CLANG_WARN_DOCUMENTATION_COMMENTS = YES;
				CLANG_WARN_EMPTY_BODY = YES;
				CLANG_WARN_ENUM_CONVERSION = YES;
				CLANG_WARN_INFINITE_RECURSION = YES;
				CLANG_WARN_INT_CONVERSION = YES;
				CLANG_WARN_OBJC_ROOT_CLASS = YES_ERROR;
				CLANG_WARN_SUSPICIOUS_MOVE = YES;
				CLANG_WARN_UNREACHABLE_CODE = YES;
				CLANG_WARN__DUPLICATE_METHOD_MATCH = YES;
				"CODE_SIGN_IDENTITY[sdk=iphoneos*]" = "iPhone Developer";
				COPY_PHASE_STRIP = NO;
				DEBUG_INFORMATION_FORMAT = "dwarf-with-dsym";
				ENABLE_NS_ASSERTIONS = NO;
				ENABLE_STRICT_OBJC_MSGSEND = YES;
				GCC_C_LANGUAGE_STANDARD = gnu99;
				GCC_NO_COMMON_BLOCKS = YES;
				GCC_WARN_64_TO_32_BIT_CONVERSION = YES;
				GCC_WARN_ABOUT_RETURN_TYPE = YES_ERROR;
				GCC_WARN_UNDECLARED_SELECTOR = YES;
				GCC_WARN_UNINITIALIZED_AUTOS = YES_AGGRESSIVE;
				GCC_WARN_UNUSED_FUNCTION = YES;
				GCC_WARN_UNUSED_VARIABLE = YES;
				IPHONEOS_DEPLOYMENT_TARGET = 10.2;
				MTL_ENABLE_DEBUG_INFO = NO;
				SDKROOT = iphoneos;
				VALIDATE_PRODUCT = YES;
			};
			name = Release;
		};
		36FE8A3A1EE97A4B00E733B8 /* Debug */ = {
			isa = XCBuildConfiguration;
			buildSettings = {
				ASSETCATALOG_COMPILER_APPICON_NAME = AppIcon;
				DEVELOPMENT_TEAM = 38SZG46UR4;
				INFOPLIST_FILE = SKToolsDemo/Info.plist;
				IPHONEOS_DEPLOYMENT_TARGET = 8.0;
				LD_RUNPATH_SEARCH_PATHS = "$(inherited) @executable_path/Frameworks";
				PRODUCT_BUNDLE_IDENTIFIER = com.youpude.SKToolsDemo;
				PRODUCT_NAME = "$(TARGET_NAME)";
			};
			name = Debug;
		};
		36FE8A3B1EE97A4B00E733B8 /* Release */ = {
			isa = XCBuildConfiguration;
			buildSettings = {
				ASSETCATALOG_COMPILER_APPICON_NAME = AppIcon;
				DEVELOPMENT_TEAM = 38SZG46UR4;
				INFOPLIST_FILE = SKToolsDemo/Info.plist;
				IPHONEOS_DEPLOYMENT_TARGET = 8.0;
				LD_RUNPATH_SEARCH_PATHS = "$(inherited) @executable_path/Frameworks";
				PRODUCT_BUNDLE_IDENTIFIER = com.youpude.SKToolsDemo;
				PRODUCT_NAME = "$(TARGET_NAME)";
			};
			name = Release;
		};
		36FE8A3D1EE97A4B00E733B8 /* Debug */ = {
			isa = XCBuildConfiguration;
			buildSettings = {
				BUNDLE_LOADER = "$(TEST_HOST)";
				DEVELOPMENT_TEAM = V88STV6K6N;
				INFOPLIST_FILE = SKToolsDemoTests/Info.plist;
				LD_RUNPATH_SEARCH_PATHS = "$(inherited) @executable_path/Frameworks @loader_path/Frameworks";
				PRODUCT_BUNDLE_IDENTIFIER = com.youpude.SKToolsDemoTests;
				PRODUCT_NAME = "$(TARGET_NAME)";
				TEST_HOST = "$(BUILT_PRODUCTS_DIR)/SKToolsDemo.app/SKToolsDemo";
			};
			name = Debug;
		};
		36FE8A3E1EE97A4B00E733B8 /* Release */ = {
			isa = XCBuildConfiguration;
			buildSettings = {
				BUNDLE_LOADER = "$(TEST_HOST)";
				DEVELOPMENT_TEAM = V88STV6K6N;
				INFOPLIST_FILE = SKToolsDemoTests/Info.plist;
				LD_RUNPATH_SEARCH_PATHS = "$(inherited) @executable_path/Frameworks @loader_path/Frameworks";
				PRODUCT_BUNDLE_IDENTIFIER = com.youpude.SKToolsDemoTests;
				PRODUCT_NAME = "$(TARGET_NAME)";
				TEST_HOST = "$(BUILT_PRODUCTS_DIR)/SKToolsDemo.app/SKToolsDemo";
			};
			name = Release;
		};
		36FE8A401EE97A4B00E733B8 /* Debug */ = {
			isa = XCBuildConfiguration;
			buildSettings = {
				DEVELOPMENT_TEAM = V88STV6K6N;
				INFOPLIST_FILE = SKToolsDemoUITests/Info.plist;
				LD_RUNPATH_SEARCH_PATHS = "$(inherited) @executable_path/Frameworks @loader_path/Frameworks";
				PRODUCT_BUNDLE_IDENTIFIER = com.youpude.SKToolsDemoUITests;
				PRODUCT_NAME = "$(TARGET_NAME)";
				TEST_TARGET_NAME = SKToolsDemo;
			};
			name = Debug;
		};
		36FE8A411EE97A4B00E733B8 /* Release */ = {
			isa = XCBuildConfiguration;
			buildSettings = {
				DEVELOPMENT_TEAM = V88STV6K6N;
				INFOPLIST_FILE = SKToolsDemoUITests/Info.plist;
				LD_RUNPATH_SEARCH_PATHS = "$(inherited) @executable_path/Frameworks @loader_path/Frameworks";
				PRODUCT_BUNDLE_IDENTIFIER = com.youpude.SKToolsDemoUITests;
				PRODUCT_NAME = "$(TARGET_NAME)";
				TEST_TARGET_NAME = SKToolsDemo;
			};
			name = Release;
		};
/* End XCBuildConfiguration section */

/* Begin XCConfigurationList section */
		36FE8A071EE97A4B00E733B8 /* Build configuration list for PBXProject "SKToolsDemo" */ = {
			isa = XCConfigurationList;
			buildConfigurations = (
				36FE8A371EE97A4B00E733B8 /* Debug */,
				36FE8A381EE97A4B00E733B8 /* Release */,
			);
			defaultConfigurationIsVisible = 0;
			defaultConfigurationName = Release;
		};
		36FE8A391EE97A4B00E733B8 /* Build configuration list for PBXNativeTarget "SKToolsDemo" */ = {
			isa = XCConfigurationList;
			buildConfigurations = (
				36FE8A3A1EE97A4B00E733B8 /* Debug */,
				36FE8A3B1EE97A4B00E733B8 /* Release */,
			);
			defaultConfigurationIsVisible = 0;
			defaultConfigurationName = Release;
		};
		36FE8A3C1EE97A4B00E733B8 /* Build configuration list for PBXNativeTarget "SKToolsDemoTests" */ = {
			isa = XCConfigurationList;
			buildConfigurations = (
				36FE8A3D1EE97A4B00E733B8 /* Debug */,
				36FE8A3E1EE97A4B00E733B8 /* Release */,
			);
			defaultConfigurationIsVisible = 0;
			defaultConfigurationName = Release;
		};
		36FE8A3F1EE97A4B00E733B8 /* Build configuration list for PBXNativeTarget "SKToolsDemoUITests" */ = {
			isa = XCConfigurationList;
			buildConfigurations = (
				36FE8A401EE97A4B00E733B8 /* Debug */,
				36FE8A411EE97A4B00E733B8 /* Release */,
			);
			defaultConfigurationIsVisible = 0;
			defaultConfigurationName = Release;
		};
/* End XCConfigurationList section */
	};
	rootObject = 36FE8A041EE97A4B00E733B8 /* Project object */;
}
